// !$*UTF8*$!
{
	archiveVersion = 1;
	classes = {
	};
	objectVersion = 51;
	objects = {

/* Begin PBXBuildFile section */
		5C045BD625BAE80B00E42843 /* BottomLogInView.swift in Sources */ = {isa = PBXBuildFile; fileRef = 5C045BD525BAE80B00E42843 /* BottomLogInView.swift */; };
		5C045BDF25BB0EF100E42843 /* OnboardCell.swift in Sources */ = {isa = PBXBuildFile; fileRef = 5C045BDE25BB0EF100E42843 /* OnboardCell.swift */; };
		5C045BE825BC77B200E42843 /* Server.swift in Sources */ = {isa = PBXBuildFile; fileRef = 5C045BE725BC77B200E42843 /* Server.swift */; };
		5C045BF725BFE25300E42843 /* Dictionary Extension.swift in Sources */ = {isa = PBXBuildFile; fileRef = 5C045BF625BFE25300E42843 /* Dictionary Extension.swift */; };
		5C07594626596F17000F64C7 /* MaterialPinCell.swift in Sources */ = {isa = PBXBuildFile; fileRef = 5C07594526596F17000F64C7 /* MaterialPinCell.swift */; };
		5C087034262738EB0057E840 /* CoreDataFunction.swift in Sources */ = {isa = PBXBuildFile; fileRef = 5C087033262738EB0057E840 /* CoreDataFunction.swift */; };
		5C08703D262739080057E840 /* Model.xcdatamodeld in Sources */ = {isa = PBXBuildFile; fileRef = 5C08703B262739080057E840 /* Model.xcdatamodeld */; };
		5C087043262739E10057E840 /* Model+CoreDataClass.swift in Sources */ = {isa = PBXBuildFile; fileRef = 5C087041262739E10057E840 /* Model+CoreDataClass.swift */; };
		5C087044262739E10057E840 /* Model+CoreDataProperties.swift in Sources */ = {isa = PBXBuildFile; fileRef = 5C087042262739E10057E840 /* Model+CoreDataProperties.swift */; };
		5C0F7E3325AC6B20000C4312 /* AboutUsController.swift in Sources */ = {isa = PBXBuildFile; fileRef = 5C0F7E3225AC6B20000C4312 /* AboutUsController.swift */; };
		5C11455826612B9400F48626 /* MapView+Model.swift in Sources */ = {isa = PBXBuildFile; fileRef = 5C11455726612B9400F48626 /* MapView+Model.swift */; };
		5C1BD66025D7CA770002A894 /* Material Defaults.swift in Sources */ = {isa = PBXBuildFile; fileRef = 5C1BD65F25D7CA770002A894 /* Material Defaults.swift */; };
		5C1D11C425C6B7F2007C8DBC /* Date Extension.swift in Sources */ = {isa = PBXBuildFile; fileRef = 5C1D11C325C6B7F2007C8DBC /* Date Extension.swift */; };
		5C1D11C925C7259B007C8DBC /* ServerMaterials.swift in Sources */ = {isa = PBXBuildFile; fileRef = 5C1D11C825C7259B007C8DBC /* ServerMaterials.swift */; };
		5C22533525B1638800E73D0A /* BackTopView.swift in Sources */ = {isa = PBXBuildFile; fileRef = 5C22533425B1638800E73D0A /* BackTopView.swift */; };
		5C22533A25B1690F00E73D0A /* WhoJoinedView.swift in Sources */ = {isa = PBXBuildFile; fileRef = 5C22533925B1690F00E73D0A /* WhoJoinedView.swift */; };
		5C25D8A7263693A900D2206E /* StatsCell.swift in Sources */ = {isa = PBXBuildFile; fileRef = 5C25D8A6263693A900D2206E /* StatsCell.swift */; };
		5C25D8AC2636BB9B00D2206E /* MaterialData.swift in Sources */ = {isa = PBXBuildFile; fileRef = 5C25D8AB2636BB9B00D2206E /* MaterialData.swift */; };
		5C2A670E2667888500772674 /* CoordinateAnnotation.swift in Sources */ = {isa = PBXBuildFile; fileRef = 5C2A670D2667888500772674 /* CoordinateAnnotation.swift */; };
		5C2E36B525D40CC500F92588 /* LogInController.swift in Sources */ = {isa = PBXBuildFile; fileRef = 5C2E36B425D40CC500F92588 /* LogInController.swift */; };
		5C3046DA25C02CA000BAFEEF /* View Extension.swift in Sources */ = {isa = PBXBuildFile; fileRef = 5C3046D925C02CA000BAFEEF /* View Extension.swift */; };
		5C3046E525C13B8E00BAFEEF /* RegistrationController.swift in Sources */ = {isa = PBXBuildFile; fileRef = 5C3046E425C13B8E00BAFEEF /* RegistrationController.swift */; };
		5C3046EE25C13D9800BAFEEF /* TextFieldCell.swift in Sources */ = {isa = PBXBuildFile; fileRef = 5C3046ED25C13D9800BAFEEF /* TextFieldCell.swift */; };
		5C3046F625C13DAC00BAFEEF /* AddPhotoCell.swift in Sources */ = {isa = PBXBuildFile; fileRef = 5C3046F525C13DAC00BAFEEF /* AddPhotoCell.swift */; };
		5C3046FC25C13DC100BAFEEF /* AddGoalCell.swift in Sources */ = {isa = PBXBuildFile; fileRef = 5C3046FB25C13DC100BAFEEF /* AddGoalCell.swift */; };
		5C30470125C140E100BAFEEF /* Label Extension.swift in Sources */ = {isa = PBXBuildFile; fileRef = 5C30470025C140E100BAFEEF /* Label Extension.swift */; };
		5C30470625C1447D00BAFEEF /* TextView Extension.swift in Sources */ = {isa = PBXBuildFile; fileRef = 5C30470525C1447D00BAFEEF /* TextView Extension.swift */; };
		5C30470B25C157C800BAFEEF /* TextField Extension.swift in Sources */ = {isa = PBXBuildFile; fileRef = 5C30470A25C157C800BAFEEF /* TextField Extension.swift */; };
		5C30472425C2A51E00BAFEEF /* SetResultView.swift in Sources */ = {isa = PBXBuildFile; fileRef = 5C30472325C2A51E00BAFEEF /* SetResultView.swift */; };
		5C30472925C2DC5C00BAFEEF /* EnableLocationCell.swift in Sources */ = {isa = PBXBuildFile; fileRef = 5C30472825C2DC5C00BAFEEF /* EnableLocationCell.swift */; };
		5C36401625E64346003908B7 /* ProfileInfoCell.swift in Sources */ = {isa = PBXBuildFile; fileRef = 5C36401525E64346003908B7 /* ProfileInfoCell.swift */; };
		5C3D533726301D0A00DA0AFB /* AddTrashView.swift in Sources */ = {isa = PBXBuildFile; fileRef = 5C3D533626301D0A00DA0AFB /* AddTrashView.swift */; };
		5C3D533C2630564E00DA0AFB /* ExtraAddCell.swift in Sources */ = {isa = PBXBuildFile; fileRef = 5C3D533B2630564E00DA0AFB /* ExtraAddCell.swift */; };
		5C448744258B8ED000474BFF /* UserProfileController.swift in Sources */ = {isa = PBXBuildFile; fileRef = 5C448743258B8ED000474BFF /* UserProfileController.swift */; };
		5C454E2A25B57B2000966991 /* OnboardingController.swift in Sources */ = {isa = PBXBuildFile; fileRef = 5C454E2925B57B2000966991 /* OnboardingController.swift */; };
		5C45914D254D55C0005AE26C /* AppDelegate.swift in Sources */ = {isa = PBXBuildFile; fileRef = 5C45914C254D55C0005AE26C /* AppDelegate.swift */; };
		5C45914F254D55C0005AE26C /* SceneDelegate.swift in Sources */ = {isa = PBXBuildFile; fileRef = 5C45914E254D55C0005AE26C /* SceneDelegate.swift */; };
		5C459159254D55C1005AE26C /* LaunchScreen.storyboard in Resources */ = {isa = PBXBuildFile; fileRef = 5C459157254D55C1005AE26C /* LaunchScreen.storyboard */; };
		5C459164254D55C2005AE26C /* BinivaTests.swift in Sources */ = {isa = PBXBuildFile; fileRef = 5C459163254D55C2005AE26C /* BinivaTests.swift */; };
		5C45916F254D55C2005AE26C /* BinivaUITests.swift in Sources */ = {isa = PBXBuildFile; fileRef = 5C45916E254D55C2005AE26C /* BinivaUITests.swift */; };
		5C45917E254D59D3005AE26C /* RecyclingController.swift in Sources */ = {isa = PBXBuildFile; fileRef = 5C45917D254D59D3005AE26C /* RecyclingController.swift */; };
		5C54954C255857FB00E5140C /* TopViewCell.swift in Sources */ = {isa = PBXBuildFile; fileRef = 5C54954B255857FB00E5140C /* TopViewCell.swift */; };
		5C54DF9626767B03002548B8 /* GoogleService-Info.plist in Resources */ = {isa = PBXBuildFile; fileRef = 5C54DF9526767B02002548B8 /* GoogleService-Info.plist */; };
		5C55591C262D945C0046F5A5 /* SwitcherView.swift in Sources */ = {isa = PBXBuildFile; fileRef = 5C55591B262D945C0046F5A5 /* SwitcherView.swift */; };
		5C5D03E925B1A71F0011AB9D /* InfoView.swift in Sources */ = {isa = PBXBuildFile; fileRef = 5C5D03E825B1A71F0011AB9D /* InfoView.swift */; };
		5C5ED19A2659386B00084458 /* DefaultPins.swift in Sources */ = {isa = PBXBuildFile; fileRef = 5C5ED1992659386B00084458 /* DefaultPins.swift */; };
		5C6C2B022581477B00B653AD /* MessageCell.swift in Sources */ = {isa = PBXBuildFile; fileRef = 5C6C2B012581477B00B653AD /* MessageCell.swift */; };
		5C6C89F025AF41F400D55A16 /* ButtonView.swift in Sources */ = {isa = PBXBuildFile; fileRef = 5C6C89EF25AF41F400D55A16 /* ButtonView.swift */; };
		5C6CDAAF26596990009F72D8 /* BottomPinView.swift in Sources */ = {isa = PBXBuildFile; fileRef = 5C6CDAAE26596990009F72D8 /* BottomPinView.swift */; };
		5C782CD4267A059900A853D5 /* Points+CoreDataClass.swift in Sources */ = {isa = PBXBuildFile; fileRef = 5C782CD2267A059900A853D5 /* Points+CoreDataClass.swift */; };
		5C782CD5267A059900A853D5 /* Points+CoreDataProperties.swift in Sources */ = {isa = PBXBuildFile; fileRef = 5C782CD3267A059900A853D5 /* Points+CoreDataProperties.swift */; };
		5C7C5E9E264ABDDE00B4FE8C /* NewOnboardingController.swift in Sources */ = {isa = PBXBuildFile; fileRef = 5C7C5E9D264ABDDE00B4FE8C /* NewOnboardingController.swift */; };
		5C7D378A264CF80C00DFEBA7 /* EmptyStatsCell.swift in Sources */ = {isa = PBXBuildFile; fileRef = 5C7D3789264CF80B00DFEBA7 /* EmptyStatsCell.swift */; };
		5C83A053255EB3CC005C2CAA /* Assets.xcassets in Resources */ = {isa = PBXBuildFile; fileRef = 5C83A052255EB3CC005C2CAA /* Assets.xcassets */; };
		5C83A05C255F9796005C2CAA /* SF-Pro-Italic.ttf in Resources */ = {isa = PBXBuildFile; fileRef = 5C83A058255F959F005C2CAA /* SF-Pro-Italic.ttf */; };
		5C83A060255F979A005C2CAA /* SF-Pro.ttf in Resources */ = {isa = PBXBuildFile; fileRef = 5C83A057255F959F005C2CAA /* SF-Pro.ttf */; };
		5C83A07A2563AC58005C2CAA /* Main Constants.swift in Sources */ = {isa = PBXBuildFile; fileRef = 5C83A0792563AC58005C2CAA /* Main Constants.swift */; };
		5C9F98AB262DDDDD00DFCFEA /* RecyclingView.swift in Sources */ = {isa = PBXBuildFile; fileRef = 5C9F98AA262DDDDD00DFCFEA /* RecyclingView.swift */; };
		5C9F98B3262DE1E200DFCFEA /* StatsView.swift in Sources */ = {isa = PBXBuildFile; fileRef = 5C9F98B2262DE1E200DFCFEA /* StatsView.swift */; };
		5CA776D22656B3C600EDAF47 /* MapView.swift in Sources */ = {isa = PBXBuildFile; fileRef = 5CA776D12656B3C600EDAF47 /* MapView.swift */; };
		5CAF7D53262C7A5700249CC6 /* TopView.swift in Sources */ = {isa = PBXBuildFile; fileRef = 5CAF7D52262C7A5700249CC6 /* TopView.swift */; };
		5CAF7D59262C7D0F00249CC6 /* ProgressView.swift in Sources */ = {isa = PBXBuildFile; fileRef = 5CAF7D58262C7D0F00249CC6 /* ProgressView.swift */; };
		5CB6A22A25C3D4A900EC4B3A /* ViewController Extension.swift in Sources */ = {isa = PBXBuildFile; fileRef = 5CB6A22925C3D4A900EC4B3A /* ViewController Extension.swift */; };
		5CB6A22F25C40D6200EC4B3A /* ImageView Extension.swift in Sources */ = {isa = PBXBuildFile; fileRef = 5CB6A22E25C40D6200EC4B3A /* ImageView Extension.swift */; };
		5CB6A23425C4638900EC4B3A /* EmptyMeetingsCell.swift in Sources */ = {isa = PBXBuildFile; fileRef = 5CB6A23325C4638900EC4B3A /* EmptyMeetingsCell.swift */; };
		5CB8593C2652BB3D00885A6D /* MaterialStatsCell+Empty.swift in Sources */ = {isa = PBXBuildFile; fileRef = 5CB8593B2652BB3D00885A6D /* MaterialStatsCell+Empty.swift */; };
		5CBB5102257D12160097F4BD /* MeetingViewController.swift in Sources */ = {isa = PBXBuildFile; fileRef = 5CBB5101257D12160097F4BD /* MeetingViewController.swift */; };
		5CBF94D825E637940071742F /* OtherHeaderView.swift in Sources */ = {isa = PBXBuildFile; fileRef = 5CBF94D725E637940071742F /* OtherHeaderView.swift */; };
		5CC12876265FFF8C0097ECDD /* MKMapView+Extension.swift in Sources */ = {isa = PBXBuildFile; fileRef = 5CC12875265FFF8C0097ECDD /* MKMapView+Extension.swift */; };
		5CC26A9C25CBF27F000501AD /* ItemView.swift in Sources */ = {isa = PBXBuildFile; fileRef = 5CC26A9B25CBF27F000501AD /* ItemView.swift */; };
		5CC2DDCE2590A9D7009E9C73 /* SettingsController.swift in Sources */ = {isa = PBXBuildFile; fileRef = 5CC2DDCD2590A9D7009E9C73 /* SettingsController.swift */; };
		5CC2DDD32590D13E009E9C73 /* SettingsCell.swift in Sources */ = {isa = PBXBuildFile; fileRef = 5CC2DDD22590D13E009E9C73 /* SettingsCell.swift */; };
		5CC2DDFD259866C9009E9C73 /* CompletePlusView.swift in Sources */ = {isa = PBXBuildFile; fileRef = 5CC2DDFC259866C8009E9C73 /* CompletePlusView.swift */; };
		5CD2F5962681C34400993A54 /* ImagePinCell.swift in Sources */ = {isa = PBXBuildFile; fileRef = 5CD2F5952681C34400993A54 /* ImagePinCell.swift */; };
		5CD2F5992682253700993A54 /* ImagePinCell+Empty.swift in Sources */ = {isa = PBXBuildFile; fileRef = 5CD2F5982682253700993A54 /* ImagePinCell+Empty.swift */; };
		5CD556FB26524DFE007B3D06 /* MaterialStatView.swift in Sources */ = {isa = PBXBuildFile; fileRef = 5CD556FA26524DFE007B3D06 /* MaterialStatView.swift */; };
		5CD557002652532F007B3D06 /* MaterialStatsCell.swift in Sources */ = {isa = PBXBuildFile; fileRef = 5CD556FF2652532F007B3D06 /* MaterialStatsCell.swift */; };
		5CD5570526526946007B3D06 /* MaterialFunctions.swift in Sources */ = {isa = PBXBuildFile; fileRef = 5CD5570426526946007B3D06 /* MaterialFunctions.swift */; };
		5CE1B0282633DA5100549536 /* WeightView.swift in Sources */ = {isa = PBXBuildFile; fileRef = 5CE1B0272633DA5100549536 /* WeightView.swift */; };
		5CE7218525A2047500ECE84F /* ProgressImageView.swift in Sources */ = {isa = PBXBuildFile; fileRef = 5CE7218425A2047500ECE84F /* ProgressImageView.swift */; };
		5CEDA06725DCF4A0009280D0 /* Array Extension.swift in Sources */ = {isa = PBXBuildFile; fileRef = 5CEDA06625DCF4A0009280D0 /* Array Extension.swift */; };
		5CEE8C00266A166700EB6617 /* ClusterPin.swift in Sources */ = {isa = PBXBuildFile; fileRef = 5CEE8BFF266A166700EB6617 /* ClusterPin.swift */; };
		5CEE8C02266A173200EB6617 /* TrashBin.swift in Sources */ = {isa = PBXBuildFile; fileRef = 5CEE8C01266A173200EB6617 /* TrashBin.swift */; };
		5CF2E64A255D946600B4EFE3 /* MeetingCell.swift in Sources */ = {isa = PBXBuildFile; fileRef = 5CF2E649255D946600B4EFE3 /* MeetingCell.swift */; };
		5CF84BDF254DCB1200CABEB6 /* AddItemView.swift in Sources */ = {isa = PBXBuildFile; fileRef = 5CF84BDE254DCB1200CABEB6 /* AddItemView.swift */; };
		5CF90C51262EA3A000127E4D /* AddTrashController.swift in Sources */ = {isa = PBXBuildFile; fileRef = 5CF90C50262EA3A000127E4D /* AddTrashController.swift */; };
		5CF90C57262EA7C100127E4D /* MaterialCell.swift in Sources */ = {isa = PBXBuildFile; fileRef = 5CF90C56262EA7C100127E4D /* MaterialCell.swift */; };
		5CFA1A3B25C99BD200587EC5 /* Defaults.swift in Sources */ = {isa = PBXBuildFile; fileRef = 5CFA1A3A25C99BD200587EC5 /* Defaults.swift */; };
		5CFB622E259A447200F1C8C7 /* AddMeetingController.swift in Sources */ = {isa = PBXBuildFile; fileRef = 5CFB622D259A447200F1C8C7 /* AddMeetingController.swift */; };
		5CFB6239259A4DB100F1C8C7 /* AddOtherCell.swift in Sources */ = {isa = PBXBuildFile; fileRef = 5CFB6238259A4DB100F1C8C7 /* AddOtherCell.swift */; };
		5CFB623E259B246800F1C8C7 /* AddMapCell.swift in Sources */ = {isa = PBXBuildFile; fileRef = 5CFB623D259B246800F1C8C7 /* AddMapCell.swift */; };
		5CFB6246259B415100F1C8C7 /* TopProgressView.swift in Sources */ = {isa = PBXBuildFile; fileRef = 5CFB6245259B415100F1C8C7 /* TopProgressView.swift */; };
		5CFB624B259B92E800F1C8C7 /* TopHeaderView.swift in Sources */ = {isa = PBXBuildFile; fileRef = 5CFB624A259B92E800F1C8C7 /* TopHeaderView.swift */; };
		5CFB8FB926281BB000372203 /* DataFunction.swift in Sources */ = {isa = PBXBuildFile; fileRef = 5CFB8FB826281BB000372203 /* DataFunction.swift */; };
		7AED20DC133BA76E7FD0985E /* Pods_BinivaTests.framework in Frameworks */ = {isa = PBXBuildFile; fileRef = 5A4738DE77F4FC6012602D51 /* Pods_BinivaTests.framework */; };
		964AB812A9DF5A8874E0AB55 /* Pods_Biniva_BinivaUITests.framework in Frameworks */ = {isa = PBXBuildFile; fileRef = BC08C6CA904D3B70E2693E56 /* Pods_Biniva_BinivaUITests.framework */; };
		EB29D31B284BF2C9CD0D4697 /* Pods_Biniva.framework in Frameworks */ = {isa = PBXBuildFile; fileRef = 3104BA7F5B996BFFAE13BFE4 /* Pods_Biniva.framework */; };
/* End PBXBuildFile section */

/* Begin PBXContainerItemProxy section */
		5C459160254D55C2005AE26C /* PBXContainerItemProxy */ = {
			isa = PBXContainerItemProxy;
			containerPortal = 5C459141254D55C0005AE26C /* Project object */;
			proxyType = 1;
			remoteGlobalIDString = 5C459148254D55C0005AE26C;
			remoteInfo = GreenerCo;
		};
		5C45916B254D55C2005AE26C /* PBXContainerItemProxy */ = {
			isa = PBXContainerItemProxy;
			containerPortal = 5C459141254D55C0005AE26C /* Project object */;
			proxyType = 1;
			remoteGlobalIDString = 5C459148254D55C0005AE26C;
			remoteInfo = GreenerCo;
		};
/* End PBXContainerItemProxy section */

/* Begin PBXFileReference section */
		1A24BCB40674F162AA005B6A /* Pods-BinivaTests.debug.xcconfig */ = {isa = PBXFileReference; includeInIndex = 1; lastKnownFileType = text.xcconfig; name = "Pods-BinivaTests.debug.xcconfig"; path = "Target Support Files/Pods-BinivaTests/Pods-BinivaTests.debug.xcconfig"; sourceTree = "<group>"; };
		1BBF71B24480A5ADE4CD2524 /* Pods-Biniva.debug.xcconfig */ = {isa = PBXFileReference; includeInIndex = 1; lastKnownFileType = text.xcconfig; name = "Pods-Biniva.debug.xcconfig"; path = "Target Support Files/Pods-Biniva/Pods-Biniva.debug.xcconfig"; sourceTree = "<group>"; };
		3104BA7F5B996BFFAE13BFE4 /* Pods_Biniva.framework */ = {isa = PBXFileReference; explicitFileType = wrapper.framework; includeInIndex = 0; path = Pods_Biniva.framework; sourceTree = BUILT_PRODUCTS_DIR; };
		3EC76250C5233653E1669399 /* Pods-Biniva-BinivaUITests.release.xcconfig */ = {isa = PBXFileReference; includeInIndex = 1; lastKnownFileType = text.xcconfig; name = "Pods-Biniva-BinivaUITests.release.xcconfig"; path = "Target Support Files/Pods-Biniva-BinivaUITests/Pods-Biniva-BinivaUITests.release.xcconfig"; sourceTree = "<group>"; };
		3FBFFB943288CF8561B55D0B /* Pods-BinivaTests.release.xcconfig */ = {isa = PBXFileReference; includeInIndex = 1; lastKnownFileType = text.xcconfig; name = "Pods-BinivaTests.release.xcconfig"; path = "Target Support Files/Pods-BinivaTests/Pods-BinivaTests.release.xcconfig"; sourceTree = "<group>"; };
		5A4738DE77F4FC6012602D51 /* Pods_BinivaTests.framework */ = {isa = PBXFileReference; explicitFileType = wrapper.framework; includeInIndex = 0; path = Pods_BinivaTests.framework; sourceTree = BUILT_PRODUCTS_DIR; };
		5C045BD525BAE80B00E42843 /* BottomLogInView.swift */ = {isa = PBXFileReference; lastKnownFileType = sourcecode.swift; path = BottomLogInView.swift; sourceTree = "<group>"; };
		5C045BDE25BB0EF100E42843 /* OnboardCell.swift */ = {isa = PBXFileReference; lastKnownFileType = sourcecode.swift; path = OnboardCell.swift; sourceTree = "<group>"; };
		5C045BE725BC77B200E42843 /* Server.swift */ = {isa = PBXFileReference; lastKnownFileType = sourcecode.swift; path = Server.swift; sourceTree = "<group>"; };
		5C045BF625BFE25300E42843 /* Dictionary Extension.swift */ = {isa = PBXFileReference; lastKnownFileType = sourcecode.swift; path = "Dictionary Extension.swift"; sourceTree = "<group>"; };
		5C07594526596F17000F64C7 /* MaterialPinCell.swift */ = {isa = PBXFileReference; lastKnownFileType = sourcecode.swift; path = MaterialPinCell.swift; sourceTree = "<group>"; };
		5C087033262738EB0057E840 /* CoreDataFunction.swift */ = {isa = PBXFileReference; lastKnownFileType = sourcecode.swift; path = CoreDataFunction.swift; sourceTree = "<group>"; };
		5C08703C262739080057E840 /* Model.xcdatamodel */ = {isa = PBXFileReference; lastKnownFileType = wrapper.xcdatamodel; path = Model.xcdatamodel; sourceTree = "<group>"; };
		5C087041262739E10057E840 /* Model+CoreDataClass.swift */ = {isa = PBXFileReference; lastKnownFileType = sourcecode.swift; path = "Model+CoreDataClass.swift"; sourceTree = "<group>"; };
		5C087042262739E10057E840 /* Model+CoreDataProperties.swift */ = {isa = PBXFileReference; lastKnownFileType = sourcecode.swift; path = "Model+CoreDataProperties.swift"; sourceTree = "<group>"; };
		5C0F7E3225AC6B20000C4312 /* AboutUsController.swift */ = {isa = PBXFileReference; lastKnownFileType = sourcecode.swift; path = AboutUsController.swift; sourceTree = "<group>"; };
		5C11455726612B9400F48626 /* MapView+Model.swift */ = {isa = PBXFileReference; lastKnownFileType = sourcecode.swift; path = "MapView+Model.swift"; sourceTree = "<group>"; };
		5C1BD65F25D7CA770002A894 /* Material Defaults.swift */ = {isa = PBXFileReference; lastKnownFileType = sourcecode.swift; path = "Material Defaults.swift"; sourceTree = "<group>"; };
		5C1D11C325C6B7F2007C8DBC /* Date Extension.swift */ = {isa = PBXFileReference; lastKnownFileType = sourcecode.swift; path = "Date Extension.swift"; sourceTree = "<group>"; };
		5C1D11C825C7259B007C8DBC /* ServerMaterials.swift */ = {isa = PBXFileReference; lastKnownFileType = sourcecode.swift; path = ServerMaterials.swift; sourceTree = "<group>"; };
		5C22533425B1638800E73D0A /* BackTopView.swift */ = {isa = PBXFileReference; lastKnownFileType = sourcecode.swift; path = BackTopView.swift; sourceTree = "<group>"; };
		5C22533925B1690F00E73D0A /* WhoJoinedView.swift */ = {isa = PBXFileReference; lastKnownFileType = sourcecode.swift; path = WhoJoinedView.swift; sourceTree = "<group>"; };
		5C25D8A6263693A900D2206E /* StatsCell.swift */ = {isa = PBXFileReference; lastKnownFileType = sourcecode.swift; path = StatsCell.swift; sourceTree = "<group>"; };
		5C25D8AB2636BB9B00D2206E /* MaterialData.swift */ = {isa = PBXFileReference; lastKnownFileType = sourcecode.swift; path = MaterialData.swift; sourceTree = "<group>"; };
		5C2A670D2667888500772674 /* CoordinateAnnotation.swift */ = {isa = PBXFileReference; lastKnownFileType = sourcecode.swift; path = CoordinateAnnotation.swift; sourceTree = "<group>"; };
		5C2E36B425D40CC500F92588 /* LogInController.swift */ = {isa = PBXFileReference; lastKnownFileType = sourcecode.swift; path = LogInController.swift; sourceTree = "<group>"; };
		5C3046D925C02CA000BAFEEF /* View Extension.swift */ = {isa = PBXFileReference; lastKnownFileType = sourcecode.swift; path = "View Extension.swift"; sourceTree = "<group>"; };
		5C3046DE25C06A3100BAFEEF /* Biniva.entitlements */ = {isa = PBXFileReference; lastKnownFileType = text.plist.entitlements; path = Biniva.entitlements; sourceTree = "<group>"; };
		5C3046E425C13B8E00BAFEEF /* RegistrationController.swift */ = {isa = PBXFileReference; lastKnownFileType = sourcecode.swift; path = RegistrationController.swift; sourceTree = "<group>"; };
		5C3046ED25C13D9800BAFEEF /* TextFieldCell.swift */ = {isa = PBXFileReference; lastKnownFileType = sourcecode.swift; path = TextFieldCell.swift; sourceTree = "<group>"; };
		5C3046F525C13DAC00BAFEEF /* AddPhotoCell.swift */ = {isa = PBXFileReference; lastKnownFileType = sourcecode.swift; path = AddPhotoCell.swift; sourceTree = "<group>"; };
		5C3046FB25C13DC100BAFEEF /* AddGoalCell.swift */ = {isa = PBXFileReference; lastKnownFileType = sourcecode.swift; path = AddGoalCell.swift; sourceTree = "<group>"; };
		5C30470025C140E100BAFEEF /* Label Extension.swift */ = {isa = PBXFileReference; lastKnownFileType = sourcecode.swift; path = "Label Extension.swift"; sourceTree = "<group>"; };
		5C30470525C1447D00BAFEEF /* TextView Extension.swift */ = {isa = PBXFileReference; lastKnownFileType = sourcecode.swift; path = "TextView Extension.swift"; sourceTree = "<group>"; };
		5C30470A25C157C800BAFEEF /* TextField Extension.swift */ = {isa = PBXFileReference; lastKnownFileType = sourcecode.swift; path = "TextField Extension.swift"; sourceTree = "<group>"; };
		5C30472325C2A51E00BAFEEF /* SetResultView.swift */ = {isa = PBXFileReference; lastKnownFileType = sourcecode.swift; path = SetResultView.swift; sourceTree = "<group>"; };
		5C30472825C2DC5C00BAFEEF /* EnableLocationCell.swift */ = {isa = PBXFileReference; lastKnownFileType = sourcecode.swift; path = EnableLocationCell.swift; sourceTree = "<group>"; };
		5C36401525E64346003908B7 /* ProfileInfoCell.swift */ = {isa = PBXFileReference; lastKnownFileType = sourcecode.swift; path = ProfileInfoCell.swift; sourceTree = "<group>"; };
		5C3D533626301D0A00DA0AFB /* AddTrashView.swift */ = {isa = PBXFileReference; lastKnownFileType = sourcecode.swift; path = AddTrashView.swift; sourceTree = "<group>"; };
		5C3D533B2630564E00DA0AFB /* ExtraAddCell.swift */ = {isa = PBXFileReference; lastKnownFileType = sourcecode.swift; path = ExtraAddCell.swift; sourceTree = "<group>"; };
		5C448743258B8ED000474BFF /* UserProfileController.swift */ = {isa = PBXFileReference; lastKnownFileType = sourcecode.swift; path = UserProfileController.swift; sourceTree = "<group>"; };
		5C454E2925B57B2000966991 /* OnboardingController.swift */ = {isa = PBXFileReference; lastKnownFileType = sourcecode.swift; path = OnboardingController.swift; sourceTree = "<group>"; };
		5C459149254D55C0005AE26C /* Biniva.app */ = {isa = PBXFileReference; explicitFileType = wrapper.application; includeInIndex = 0; path = Biniva.app; sourceTree = BUILT_PRODUCTS_DIR; };
		5C45914C254D55C0005AE26C /* AppDelegate.swift */ = {isa = PBXFileReference; lastKnownFileType = sourcecode.swift; path = AppDelegate.swift; sourceTree = "<group>"; };
		5C45914E254D55C0005AE26C /* SceneDelegate.swift */ = {isa = PBXFileReference; lastKnownFileType = sourcecode.swift; path = SceneDelegate.swift; sourceTree = "<group>"; };
		5C459158254D55C1005AE26C /* Base */ = {isa = PBXFileReference; lastKnownFileType = file.storyboard; name = Base; path = Base.lproj/LaunchScreen.storyboard; sourceTree = "<group>"; };
		5C45915A254D55C1005AE26C /* Info.plist */ = {isa = PBXFileReference; lastKnownFileType = text.plist.xml; path = Info.plist; sourceTree = "<group>"; };
		5C45915F254D55C2005AE26C /* BinivaTests.xctest */ = {isa = PBXFileReference; explicitFileType = wrapper.cfbundle; includeInIndex = 0; path = BinivaTests.xctest; sourceTree = BUILT_PRODUCTS_DIR; };
		5C459163254D55C2005AE26C /* BinivaTests.swift */ = {isa = PBXFileReference; lastKnownFileType = sourcecode.swift; path = BinivaTests.swift; sourceTree = "<group>"; };
		5C459165254D55C2005AE26C /* Info.plist */ = {isa = PBXFileReference; lastKnownFileType = text.plist.xml; path = Info.plist; sourceTree = "<group>"; };
		5C45916A254D55C2005AE26C /* BinivaUITests.xctest */ = {isa = PBXFileReference; explicitFileType = wrapper.cfbundle; includeInIndex = 0; path = BinivaUITests.xctest; sourceTree = BUILT_PRODUCTS_DIR; };
		5C45916E254D55C2005AE26C /* BinivaUITests.swift */ = {isa = PBXFileReference; lastKnownFileType = sourcecode.swift; path = BinivaUITests.swift; sourceTree = "<group>"; };
		5C459170254D55C2005AE26C /* Info.plist */ = {isa = PBXFileReference; lastKnownFileType = text.plist.xml; path = Info.plist; sourceTree = "<group>"; };
		5C45917D254D59D3005AE26C /* RecyclingController.swift */ = {isa = PBXFileReference; lastKnownFileType = sourcecode.swift; path = RecyclingController.swift; sourceTree = "<group>"; };
		5C54954B255857FB00E5140C /* TopViewCell.swift */ = {isa = PBXFileReference; lastKnownFileType = sourcecode.swift; path = TopViewCell.swift; sourceTree = "<group>"; };
		5C54DF9526767B02002548B8 /* GoogleService-Info.plist */ = {isa = PBXFileReference; lastKnownFileType = text.plist; path = "GoogleService-Info.plist"; sourceTree = SOURCE_ROOT; };
		5C55591B262D945C0046F5A5 /* SwitcherView.swift */ = {isa = PBXFileReference; lastKnownFileType = sourcecode.swift; path = SwitcherView.swift; sourceTree = "<group>"; };
		5C5D03E825B1A71F0011AB9D /* InfoView.swift */ = {isa = PBXFileReference; lastKnownFileType = sourcecode.swift; path = InfoView.swift; sourceTree = "<group>"; };
		5C5ED1992659386B00084458 /* DefaultPins.swift */ = {isa = PBXFileReference; lastKnownFileType = sourcecode.swift; path = DefaultPins.swift; sourceTree = "<group>"; };
		5C6C2B012581477B00B653AD /* MessageCell.swift */ = {isa = PBXFileReference; lastKnownFileType = sourcecode.swift; path = MessageCell.swift; sourceTree = "<group>"; };
		5C6C89EF25AF41F400D55A16 /* ButtonView.swift */ = {isa = PBXFileReference; lastKnownFileType = sourcecode.swift; path = ButtonView.swift; sourceTree = "<group>"; };
		5C6CDAAE26596990009F72D8 /* BottomPinView.swift */ = {isa = PBXFileReference; lastKnownFileType = sourcecode.swift; path = BottomPinView.swift; sourceTree = "<group>"; };
		5C782CD2267A059900A853D5 /* Points+CoreDataClass.swift */ = {isa = PBXFileReference; lastKnownFileType = sourcecode.swift; path = "Points+CoreDataClass.swift"; sourceTree = "<group>"; };
		5C782CD3267A059900A853D5 /* Points+CoreDataProperties.swift */ = {isa = PBXFileReference; lastKnownFileType = sourcecode.swift; path = "Points+CoreDataProperties.swift"; sourceTree = "<group>"; };
		5C7C5E9D264ABDDE00B4FE8C /* NewOnboardingController.swift */ = {isa = PBXFileReference; lastKnownFileType = sourcecode.swift; path = NewOnboardingController.swift; sourceTree = "<group>"; };
		5C7D3789264CF80B00DFEBA7 /* EmptyStatsCell.swift */ = {isa = PBXFileReference; lastKnownFileType = sourcecode.swift; path = EmptyStatsCell.swift; sourceTree = "<group>"; };
		5C83A052255EB3CC005C2CAA /* Assets.xcassets */ = {isa = PBXFileReference; lastKnownFileType = folder.assetcatalog; path = Assets.xcassets; sourceTree = "<group>"; };
		5C83A057255F959F005C2CAA /* SF-Pro.ttf */ = {isa = PBXFileReference; lastKnownFileType = file; name = "SF-Pro.ttf"; path = "../../../../../../Library/Fonts/SF-Pro.ttf"; sourceTree = "<group>"; };
		5C83A058255F959F005C2CAA /* SF-Pro-Italic.ttf */ = {isa = PBXFileReference; lastKnownFileType = file; name = "SF-Pro-Italic.ttf"; path = "../../../../../../Library/Fonts/SF-Pro-Italic.ttf"; sourceTree = "<group>"; };
		5C83A0792563AC58005C2CAA /* Main Constants.swift */ = {isa = PBXFileReference; lastKnownFileType = sourcecode.swift; path = "Main Constants.swift"; sourceTree = "<group>"; };
		5C9F98AA262DDDDD00DFCFEA /* RecyclingView.swift */ = {isa = PBXFileReference; lastKnownFileType = sourcecode.swift; path = RecyclingView.swift; sourceTree = "<group>"; };
		5C9F98B2262DE1E200DFCFEA /* StatsView.swift */ = {isa = PBXFileReference; lastKnownFileType = sourcecode.swift; path = StatsView.swift; sourceTree = "<group>"; };
		5CA776D12656B3C600EDAF47 /* MapView.swift */ = {isa = PBXFileReference; lastKnownFileType = sourcecode.swift; path = MapView.swift; sourceTree = "<group>"; };
		5CAF7D52262C7A5700249CC6 /* TopView.swift */ = {isa = PBXFileReference; lastKnownFileType = sourcecode.swift; path = TopView.swift; sourceTree = "<group>"; };
		5CAF7D58262C7D0F00249CC6 /* ProgressView.swift */ = {isa = PBXFileReference; lastKnownFileType = sourcecode.swift; path = ProgressView.swift; sourceTree = "<group>"; };
		5CB6A22925C3D4A900EC4B3A /* ViewController Extension.swift */ = {isa = PBXFileReference; lastKnownFileType = sourcecode.swift; path = "ViewController Extension.swift"; sourceTree = "<group>"; };
		5CB6A22E25C40D6200EC4B3A /* ImageView Extension.swift */ = {isa = PBXFileReference; lastKnownFileType = sourcecode.swift; path = "ImageView Extension.swift"; sourceTree = "<group>"; };
		5CB6A23325C4638900EC4B3A /* EmptyMeetingsCell.swift */ = {isa = PBXFileReference; lastKnownFileType = sourcecode.swift; path = EmptyMeetingsCell.swift; sourceTree = "<group>"; };
		5CB8593B2652BB3D00885A6D /* MaterialStatsCell+Empty.swift */ = {isa = PBXFileReference; lastKnownFileType = sourcecode.swift; path = "MaterialStatsCell+Empty.swift"; sourceTree = "<group>"; };
		5CBB5101257D12160097F4BD /* MeetingViewController.swift */ = {isa = PBXFileReference; lastKnownFileType = sourcecode.swift; path = MeetingViewController.swift; sourceTree = "<group>"; };
		5CBF94D725E637940071742F /* OtherHeaderView.swift */ = {isa = PBXFileReference; lastKnownFileType = sourcecode.swift; path = OtherHeaderView.swift; sourceTree = "<group>"; };
		5CC12875265FFF8C0097ECDD /* MKMapView+Extension.swift */ = {isa = PBXFileReference; lastKnownFileType = sourcecode.swift; path = "MKMapView+Extension.swift"; sourceTree = "<group>"; };
		5CC26A9B25CBF27F000501AD /* ItemView.swift */ = {isa = PBXFileReference; lastKnownFileType = sourcecode.swift; path = ItemView.swift; sourceTree = "<group>"; };
		5CC2DDCD2590A9D7009E9C73 /* SettingsController.swift */ = {isa = PBXFileReference; lastKnownFileType = sourcecode.swift; path = SettingsController.swift; sourceTree = "<group>"; };
		5CC2DDD22590D13E009E9C73 /* SettingsCell.swift */ = {isa = PBXFileReference; lastKnownFileType = sourcecode.swift; path = SettingsCell.swift; sourceTree = "<group>"; };
		5CC2DDFC259866C8009E9C73 /* CompletePlusView.swift */ = {isa = PBXFileReference; lastKnownFileType = sourcecode.swift; path = CompletePlusView.swift; sourceTree = "<group>"; };
		5CD2F5952681C34400993A54 /* ImagePinCell.swift */ = {isa = PBXFileReference; lastKnownFileType = sourcecode.swift; path = ImagePinCell.swift; sourceTree = "<group>"; };
		5CD2F5982682253700993A54 /* ImagePinCell+Empty.swift */ = {isa = PBXFileReference; lastKnownFileType = sourcecode.swift; path = "ImagePinCell+Empty.swift"; sourceTree = "<group>"; };
		5CD556FA26524DFE007B3D06 /* MaterialStatView.swift */ = {isa = PBXFileReference; lastKnownFileType = sourcecode.swift; path = MaterialStatView.swift; sourceTree = "<group>"; };
		5CD556FF2652532F007B3D06 /* MaterialStatsCell.swift */ = {isa = PBXFileReference; lastKnownFileType = sourcecode.swift; path = MaterialStatsCell.swift; sourceTree = "<group>"; };
		5CD5570426526946007B3D06 /* MaterialFunctions.swift */ = {isa = PBXFileReference; lastKnownFileType = sourcecode.swift; path = MaterialFunctions.swift; sourceTree = "<group>"; };
		5CE1B0272633DA5100549536 /* WeightView.swift */ = {isa = PBXFileReference; lastKnownFileType = sourcecode.swift; path = WeightView.swift; sourceTree = "<group>"; };
		5CE7218425A2047500ECE84F /* ProgressImageView.swift */ = {isa = PBXFileReference; lastKnownFileType = sourcecode.swift; path = ProgressImageView.swift; sourceTree = "<group>"; };
		5CEDA06625DCF4A0009280D0 /* Array Extension.swift */ = {isa = PBXFileReference; lastKnownFileType = sourcecode.swift; path = "Array Extension.swift"; sourceTree = "<group>"; };
		5CEE8BFF266A166700EB6617 /* ClusterPin.swift */ = {isa = PBXFileReference; lastKnownFileType = sourcecode.swift; path = ClusterPin.swift; sourceTree = "<group>"; };
		5CEE8C01266A173200EB6617 /* TrashBin.swift */ = {isa = PBXFileReference; lastKnownFileType = sourcecode.swift; path = TrashBin.swift; sourceTree = "<group>"; };
		5CF2E649255D946600B4EFE3 /* MeetingCell.swift */ = {isa = PBXFileReference; lastKnownFileType = sourcecode.swift; path = MeetingCell.swift; sourceTree = "<group>"; };
		5CF84BDE254DCB1200CABEB6 /* AddItemView.swift */ = {isa = PBXFileReference; lastKnownFileType = sourcecode.swift; path = AddItemView.swift; sourceTree = "<group>"; };
		5CF90C50262EA3A000127E4D /* AddTrashController.swift */ = {isa = PBXFileReference; lastKnownFileType = sourcecode.swift; path = AddTrashController.swift; sourceTree = "<group>"; };
		5CF90C56262EA7C100127E4D /* MaterialCell.swift */ = {isa = PBXFileReference; lastKnownFileType = sourcecode.swift; path = MaterialCell.swift; sourceTree = "<group>"; };
		5CFA1A3A25C99BD200587EC5 /* Defaults.swift */ = {isa = PBXFileReference; lastKnownFileType = sourcecode.swift; path = Defaults.swift; sourceTree = "<group>"; };
		5CFB622D259A447200F1C8C7 /* AddMeetingController.swift */ = {isa = PBXFileReference; lastKnownFileType = sourcecode.swift; path = AddMeetingController.swift; sourceTree = "<group>"; };
		5CFB6238259A4DB100F1C8C7 /* AddOtherCell.swift */ = {isa = PBXFileReference; lastKnownFileType = sourcecode.swift; path = AddOtherCell.swift; sourceTree = "<group>"; };
		5CFB623D259B246800F1C8C7 /* AddMapCell.swift */ = {isa = PBXFileReference; lastKnownFileType = sourcecode.swift; path = AddMapCell.swift; sourceTree = "<group>"; };
		5CFB6245259B415100F1C8C7 /* TopProgressView.swift */ = {isa = PBXFileReference; lastKnownFileType = sourcecode.swift; path = TopProgressView.swift; sourceTree = "<group>"; };
		5CFB624A259B92E800F1C8C7 /* TopHeaderView.swift */ = {isa = PBXFileReference; lastKnownFileType = sourcecode.swift; path = TopHeaderView.swift; sourceTree = "<group>"; };
		5CFB8FB826281BB000372203 /* DataFunction.swift */ = {isa = PBXFileReference; lastKnownFileType = sourcecode.swift; path = DataFunction.swift; sourceTree = "<group>"; };
		65FAE0A43344AF62CA16FBB3 /* Pods-Biniva-BinivaUITests.debug.xcconfig */ = {isa = PBXFileReference; includeInIndex = 1; lastKnownFileType = text.xcconfig; name = "Pods-Biniva-BinivaUITests.debug.xcconfig"; path = "Target Support Files/Pods-Biniva-BinivaUITests/Pods-Biniva-BinivaUITests.debug.xcconfig"; sourceTree = "<group>"; };
		BC08C6CA904D3B70E2693E56 /* Pods_Biniva_BinivaUITests.framework */ = {isa = PBXFileReference; explicitFileType = wrapper.framework; includeInIndex = 0; path = Pods_Biniva_BinivaUITests.framework; sourceTree = BUILT_PRODUCTS_DIR; };
		EBE81C2D922101F0CB84288C /* Pods-Biniva.release.xcconfig */ = {isa = PBXFileReference; includeInIndex = 1; lastKnownFileType = text.xcconfig; name = "Pods-Biniva.release.xcconfig"; path = "Target Support Files/Pods-Biniva/Pods-Biniva.release.xcconfig"; sourceTree = "<group>"; };
/* End PBXFileReference section */

/* Begin PBXFrameworksBuildPhase section */
		5C459146254D55C0005AE26C /* Frameworks */ = {
			isa = PBXFrameworksBuildPhase;
			buildActionMask = 2147483647;
			files = (
				EB29D31B284BF2C9CD0D4697 /* Pods_Biniva.framework in Frameworks */,
			);
			runOnlyForDeploymentPostprocessing = 0;
		};
		5C45915C254D55C2005AE26C /* Frameworks */ = {
			isa = PBXFrameworksBuildPhase;
			buildActionMask = 2147483647;
			files = (
				7AED20DC133BA76E7FD0985E /* Pods_BinivaTests.framework in Frameworks */,
			);
			runOnlyForDeploymentPostprocessing = 0;
		};
		5C459167254D55C2005AE26C /* Frameworks */ = {
			isa = PBXFrameworksBuildPhase;
			buildActionMask = 2147483647;
			files = (
				964AB812A9DF5A8874E0AB55 /* Pods_Biniva_BinivaUITests.framework in Frameworks */,
			);
			runOnlyForDeploymentPostprocessing = 0;
		};
/* End PBXFrameworksBuildPhase section */

/* Begin PBXGroup section */
		0B1199908AECEA53EDB01D4F /* Pods */ = {
			isa = PBXGroup;
			children = (
				1BBF71B24480A5ADE4CD2524 /* Pods-Biniva.debug.xcconfig */,
				EBE81C2D922101F0CB84288C /* Pods-Biniva.release.xcconfig */,
				65FAE0A43344AF62CA16FBB3 /* Pods-Biniva-BinivaUITests.debug.xcconfig */,
				3EC76250C5233653E1669399 /* Pods-Biniva-BinivaUITests.release.xcconfig */,
				1A24BCB40674F162AA005B6A /* Pods-BinivaTests.debug.xcconfig */,
				3FBFFB943288CF8561B55D0B /* Pods-BinivaTests.release.xcconfig */,
			);
			path = Pods;
			sourceTree = "<group>";
		};
		5C045BD425BAE7ED00E42843 /* View */ = {
			isa = PBXGroup;
			children = (
				5C045BD525BAE80B00E42843 /* BottomLogInView.swift */,
			);
			path = View;
			sourceTree = "<group>";
		};
		5C045BDD25BB0EC200E42843 /* Cell */ = {
			isa = PBXGroup;
			children = (
				5C045BDE25BB0EF100E42843 /* OnboardCell.swift */,
			);
			path = Cell;
			sourceTree = "<group>";
		};
		5C045BE625BC77A000E42843 /* Firebase */ = {
			isa = PBXGroup;
			children = (
				5C045BE725BC77B200E42843 /* Server.swift */,
				5C1D11C825C7259B007C8DBC /* ServerMaterials.swift */,
			);
			path = Firebase;
			sourceTree = "<group>";
		};
		5C045BF525BFE24600E42843 /* Extensions */ = {
			isa = PBXGroup;
			children = (
				5C045BF625BFE25300E42843 /* Dictionary Extension.swift */,
				5C3046D925C02CA000BAFEEF /* View Extension.swift */,
				5C30470025C140E100BAFEEF /* Label Extension.swift */,
				5C30470525C1447D00BAFEEF /* TextView Extension.swift */,
				5C30470A25C157C800BAFEEF /* TextField Extension.swift */,
				5CB6A22925C3D4A900EC4B3A /* ViewController Extension.swift */,
				5CB6A22E25C40D6200EC4B3A /* ImageView Extension.swift */,
				5C1D11C325C6B7F2007C8DBC /* Date Extension.swift */,
				5CEDA06625DCF4A0009280D0 /* Array Extension.swift */,
				5CC12875265FFF8C0097ECDD /* MKMapView+Extension.swift */,
			);
			path = Extensions;
			sourceTree = "<group>";
		};
		5C0870312627381F0057E840 /* CoreModel */ = {
			isa = PBXGroup;
			children = (
				5C782CD2267A059900A853D5 /* Points+CoreDataClass.swift */,
				5C782CD3267A059900A853D5 /* Points+CoreDataProperties.swift */,
				5C087041262739E10057E840 /* Model+CoreDataClass.swift */,
				5C087042262739E10057E840 /* Model+CoreDataProperties.swift */,
				5C087032262738D50057E840 /* Core Model Functions */,
			);
			path = CoreModel;
			sourceTree = "<group>";
		};
		5C087032262738D50057E840 /* Core Model Functions */ = {
			isa = PBXGroup;
			children = (
				5C087033262738EB0057E840 /* CoreDataFunction.swift */,
				5CFB8FB826281BB000372203 /* DataFunction.swift */,
			);
			path = "Core Model Functions";
			sourceTree = "<group>";
		};
		5C11455F26612D4100F48626 /* Maps */ = {
			isa = PBXGroup;
			children = (
				5C2A670D2667888500772674 /* CoordinateAnnotation.swift */,
			);
			path = Maps;
			sourceTree = "<group>";
		};
		5C1BD65E25D7CA560002A894 /* Material Defaults */ = {
			isa = PBXGroup;
			children = (
				5C1BD65F25D7CA770002A894 /* Material Defaults.swift */,
				5C25D8AB2636BB9B00D2206E /* MaterialData.swift */,
				5CD5570426526946007B3D06 /* MaterialFunctions.swift */,
			);
			path = "Material Defaults";
			sourceTree = "<group>";
		};
		5C2E36B325D40CA400F92588 /* LogIn Controller */ = {
			isa = PBXGroup;
			children = (
				5C2E36B425D40CC500F92588 /* LogInController.swift */,
			);
			path = "LogIn Controller";
			sourceTree = "<group>";
		};
		5C3046E225C13B3D00BAFEEF /* Registration */ = {
			isa = PBXGroup;
			children = (
				5C454E7025BAE55D00966991 /* Onboarding Controller */,
				5C3046E325C13B6C00BAFEEF /* Registration Controller */,
				5C2E36B325D40CA400F92588 /* LogIn Controller */,
			);
			path = Registration;
			sourceTree = "<group>";
		};
		5C3046E325C13B6C00BAFEEF /* Registration Controller */ = {
			isa = PBXGroup;
			children = (
				5C3046E425C13B8E00BAFEEF /* RegistrationController.swift */,
				5C3046EC25C13D7D00BAFEEF /* Cell */,
				5C30471F25C2A4F100BAFEEF /* View */,
			);
			path = "Registration Controller";
			sourceTree = "<group>";
		};
		5C3046EC25C13D7D00BAFEEF /* Cell */ = {
			isa = PBXGroup;
			children = (
				5C3046ED25C13D9800BAFEEF /* TextFieldCell.swift */,
				5C3046F525C13DAC00BAFEEF /* AddPhotoCell.swift */,
				5C30472825C2DC5C00BAFEEF /* EnableLocationCell.swift */,
				5C3046FB25C13DC100BAFEEF /* AddGoalCell.swift */,
			);
			path = Cell;
			sourceTree = "<group>";
		};
		5C30471F25C2A4F100BAFEEF /* View */ = {
			isa = PBXGroup;
			children = (
			);
			path = View;
			sourceTree = "<group>";
		};
		5C454E5225BACF5B00966991 /* View Control */ = {
			isa = PBXGroup;
			children = (
				5C454E5325BACF7100966991 /* Four Main Controllers */,
				5C454E5C25BAD0EF00966991 /* Other Controllers */,
			);
			path = "View Control";
			sourceTree = "<group>";
		};
		5C454E5325BACF7100966991 /* Four Main Controllers */ = {
			isa = PBXGroup;
			children = (
				5C454E5B25BAD0B800966991 /* User Controller */,
			);
			path = "Four Main Controllers";
			sourceTree = "<group>";
		};
		5C454E5B25BAD0B800966991 /* User Controller */ = {
			isa = PBXGroup;
			children = (
				5C448743258B8ED000474BFF /* UserProfileController.swift */,
				5C454E6525BAD1B400966991 /* View */,
			);
			path = "User Controller";
			sourceTree = "<group>";
		};
		5C454E5C25BAD0EF00966991 /* Other Controllers */ = {
			isa = PBXGroup;
			children = (
				5C3046E225C13B3D00BAFEEF /* Registration */,
				5C454E6925BAD1DB00966991 /* Meeting Controller */,
				5C454E5E25BAD11500966991 /* Add New Meeting Controller */,
				5C454E6125BAD15500966991 /* Settings */,
			);
			path = "Other Controllers";
			sourceTree = "<group>";
		};
		5C454E5D25BAD10300966991 /* About Us Controller */ = {
			isa = PBXGroup;
			children = (
				5C0F7E3225AC6B20000C4312 /* AboutUsController.swift */,
			);
			path = "About Us Controller";
			sourceTree = "<group>";
		};
		5C454E5E25BAD11500966991 /* Add New Meeting Controller */ = {
			isa = PBXGroup;
			children = (
				5CFB622D259A447200F1C8C7 /* AddMeetingController.swift */,
				5C454E5F25BAD12700966991 /* Cell */,
				5C454E6025BAD12C00966991 /* View */,
			);
			path = "Add New Meeting Controller";
			sourceTree = "<group>";
		};
		5C454E5F25BAD12700966991 /* Cell */ = {
			isa = PBXGroup;
			children = (
				5CFB623D259B246800F1C8C7 /* AddMapCell.swift */,
				5CFB6238259A4DB100F1C8C7 /* AddOtherCell.swift */,
			);
			path = Cell;
			sourceTree = "<group>";
		};
		5C454E6025BAD12C00966991 /* View */ = {
			isa = PBXGroup;
			children = (
				5CFB6245259B415100F1C8C7 /* TopProgressView.swift */,
			);
			path = View;
			sourceTree = "<group>";
		};
		5C454E6125BAD15500966991 /* Settings */ = {
			isa = PBXGroup;
			children = (
				5C454E6225BAD16800966991 /* Settings Controller */,
				5C454E5D25BAD10300966991 /* About Us Controller */,
			);
			path = Settings;
			sourceTree = "<group>";
		};
		5C454E6225BAD16800966991 /* Settings Controller */ = {
			isa = PBXGroup;
			children = (
				5CC2DDCD2590A9D7009E9C73 /* SettingsController.swift */,
				5C454E6325BAD17D00966991 /* Cell */,
				5C454E6425BAD18C00966991 /* View */,
			);
			path = "Settings Controller";
			sourceTree = "<group>";
		};
		5C454E6325BAD17D00966991 /* Cell */ = {
			isa = PBXGroup;
			children = (
				5CC2DDD22590D13E009E9C73 /* SettingsCell.swift */,
				5C36401525E64346003908B7 /* ProfileInfoCell.swift */,
			);
			path = Cell;
			sourceTree = "<group>";
		};
		5C454E6425BAD18C00966991 /* View */ = {
			isa = PBXGroup;
			children = (
				5CFB624A259B92E800F1C8C7 /* TopHeaderView.swift */,
				5CBF94D725E637940071742F /* OtherHeaderView.swift */,
			);
			path = View;
			sourceTree = "<group>";
		};
		5C454E6525BAD1B400966991 /* View */ = {
			isa = PBXGroup;
			children = (
				5C5D03E825B1A71F0011AB9D /* InfoView.swift */,
			);
			path = View;
			sourceTree = "<group>";
		};
		5C454E6925BAD1DB00966991 /* Meeting Controller */ = {
			isa = PBXGroup;
			children = (
				5CBB5101257D12160097F4BD /* MeetingViewController.swift */,
				5C454E6A25BAD1F200966991 /* Cell */,
				5C454E6B25BAD20300966991 /* View */,
			);
			path = "Meeting Controller";
			sourceTree = "<group>";
		};
		5C454E6A25BAD1F200966991 /* Cell */ = {
			isa = PBXGroup;
			children = (
				5C6C2B012581477B00B653AD /* MessageCell.swift */,
			);
			path = Cell;
			sourceTree = "<group>";
		};
		5C454E6B25BAD20300966991 /* View */ = {
			isa = PBXGroup;
			children = (
				5C22533925B1690F00E73D0A /* WhoJoinedView.swift */,
				5C22533425B1638800E73D0A /* BackTopView.swift */,
			);
			path = View;
			sourceTree = "<group>";
		};
		5C454E6C25BAD24600966991 /* General Views */ = {
			isa = PBXGroup;
			children = (
				5CE7218425A2047500ECE84F /* ProgressImageView.swift */,
				5C6C89EF25AF41F400D55A16 /* ButtonView.swift */,
				5CC2DDFC259866C8009E9C73 /* CompletePlusView.swift */,
				5CF84BDE254DCB1200CABEB6 /* AddItemView.swift */,
				5C30472325C2A51E00BAFEEF /* SetResultView.swift */,
				5CC26A9B25CBF27F000501AD /* ItemView.swift */,
			);
			path = "General Views";
			sourceTree = "<group>";
		};
		5C454E6D25BAD2F100966991 /* General Cells */ = {
			isa = PBXGroup;
			children = (
				5C54954B255857FB00E5140C /* TopViewCell.swift */,
				5CF2E649255D946600B4EFE3 /* MeetingCell.swift */,
				5CB6A23325C4638900EC4B3A /* EmptyMeetingsCell.swift */,
			);
			path = "General Cells";
			sourceTree = "<group>";
		};
		5C454E7025BAE55D00966991 /* Onboarding Controller */ = {
			isa = PBXGroup;
			children = (
				5C454E2925B57B2000966991 /* OnboardingController.swift */,
				5C045BDD25BB0EC200E42843 /* Cell */,
				5C045BD425BAE7ED00E42843 /* View */,
			);
			path = "Onboarding Controller";
			sourceTree = "<group>";
		};
		5C459140254D55C0005AE26C = {
			isa = PBXGroup;
			children = (
				5C45914B254D55C0005AE26C /* Biniva */,
				5C459162254D55C2005AE26C /* BinivaTests */,
				5C45916D254D55C2005AE26C /* BinivaUITests */,
				5C45914A254D55C0005AE26C /* Products */,
				0B1199908AECEA53EDB01D4F /* Pods */,
				69F69B6106B6C3A91B2C84B8 /* Frameworks */,
			);
			sourceTree = "<group>";
		};
		5C45914A254D55C0005AE26C /* Products */ = {
			isa = PBXGroup;
			children = (
				5C459149254D55C0005AE26C /* Biniva.app */,
				5C45915F254D55C2005AE26C /* BinivaTests.xctest */,
				5C45916A254D55C2005AE26C /* BinivaUITests.xctest */,
			);
			name = Products;
			sourceTree = "<group>";
		};
		5C45914B254D55C0005AE26C /* Biniva */ = {
			isa = PBXGroup;
			children = (
				5C5ED19E2659677D00084458 /* View Controllers */,
				5C5ED19F265967AC00084458 /* Support Views */,
				5C11455F26612D4100F48626 /* Maps */,
				5C3046DE25C06A3100BAFEEF /* Biniva.entitlements */,
				5C454E5225BACF5B00966991 /* View Control */,
				5C454E6C25BAD24600966991 /* General Views */,
				5C454E6D25BAD2F100966991 /* General Cells */,
				5CFA1A3925C99BBE00587EC5 /* User Defaults */,
				5C1BD65E25D7CA560002A894 /* Material Defaults */,
				5C045BE625BC77A000E42843 /* Firebase */,
				5C045BF525BFE24600E42843 /* Extensions */,
				5C0870312627381F0057E840 /* CoreModel */,
				5C83A0792563AC58005C2CAA /* Main Constants.swift */,
				5C45914C254D55C0005AE26C /* AppDelegate.swift */,
				5C45914E254D55C0005AE26C /* SceneDelegate.swift */,
				5C83A052255EB3CC005C2CAA /* Assets.xcassets */,
				5C459157254D55C1005AE26C /* LaunchScreen.storyboard */,
				5C45915A254D55C1005AE26C /* Info.plist */,
				5C54DF9526767B02002548B8 /* GoogleService-Info.plist */,
				5C83A058255F959F005C2CAA /* SF-Pro-Italic.ttf */,
				5C83A057255F959F005C2CAA /* SF-Pro.ttf */,
				5C08703B262739080057E840 /* Model.xcdatamodeld */,
			);
			path = Biniva;
			sourceTree = "<group>";
		};
		5C459162254D55C2005AE26C /* BinivaTests */ = {
			isa = PBXGroup;
			children = (
				5C459163254D55C2005AE26C /* BinivaTests.swift */,
				5C459165254D55C2005AE26C /* Info.plist */,
			);
			path = BinivaTests;
			sourceTree = "<group>";
		};
		5C45916D254D55C2005AE26C /* BinivaUITests */ = {
			isa = PBXGroup;
			children = (
				5C45916E254D55C2005AE26C /* BinivaUITests.swift */,
				5C459170254D55C2005AE26C /* Info.plist */,
			);
			path = BinivaUITests;
			sourceTree = "<group>";
		};
		5C5ED19E2659677D00084458 /* View Controllers */ = {
			isa = PBXGroup;
			children = (
				5C45917D254D59D3005AE26C /* RecyclingController.swift */,
				5CF90C50262EA3A000127E4D /* AddTrashController.swift */,
				5C7C5E9D264ABDDE00B4FE8C /* NewOnboardingController.swift */,
			);
			path = "View Controllers";
			sourceTree = "<group>";
		};
		5C5ED19F265967AC00084458 /* Support Views */ = {
			isa = PBXGroup;
			children = (
				5CAF7D52262C7A5700249CC6 /* TopView.swift */,
				5C55591B262D945C0046F5A5 /* SwitcherView.swift */,
				5C5ED1A0265967C100084458 /* Progress View */,
				5C5ED1A1265967FD00084458 /* Stats View */,
				5C5ED1A22659682C00084458 /* Add Trash View */,
				5C5ED1A32659685000084458 /* Map View */,
			);
			path = "Support Views";
			sourceTree = "<group>";
		};
		5C5ED1A0265967C100084458 /* Progress View */ = {
			isa = PBXGroup;
			children = (
				5CAF7D58262C7D0F00249CC6 /* ProgressView.swift */,
				5C9F98AA262DDDDD00DFCFEA /* RecyclingView.swift */,
			);
			path = "Progress View";
			sourceTree = "<group>";
		};
		5C5ED1A1265967FD00084458 /* Stats View */ = {
			isa = PBXGroup;
			children = (
				5C9F98B2262DE1E200DFCFEA /* StatsView.swift */,
				5CD556FA26524DFE007B3D06 /* MaterialStatView.swift */,
				5C25D8A6263693A900D2206E /* StatsCell.swift */,
				5C7D3789264CF80B00DFEBA7 /* EmptyStatsCell.swift */,
				5CD556FF2652532F007B3D06 /* MaterialStatsCell.swift */,
				5CB8593B2652BB3D00885A6D /* MaterialStatsCell+Empty.swift */,
			);
			path = "Stats View";
			sourceTree = "<group>";
		};
		5C5ED1A22659682C00084458 /* Add Trash View */ = {
			isa = PBXGroup;
			children = (
				5C3D533626301D0A00DA0AFB /* AddTrashView.swift */,
				5C3D533B2630564E00DA0AFB /* ExtraAddCell.swift */,
				5CF90C56262EA7C100127E4D /* MaterialCell.swift */,
				5CE1B0272633DA5100549536 /* WeightView.swift */,
			);
			path = "Add Trash View";
			sourceTree = "<group>";
		};
		5C5ED1A32659685000084458 /* Map View */ = {
			isa = PBXGroup;
			children = (
				5CA776D12656B3C600EDAF47 /* MapView.swift */,
				5C11455726612B9400F48626 /* MapView+Model.swift */,
				5C6CDAAE26596990009F72D8 /* BottomPinView.swift */,
				5CEE8C01266A173200EB6617 /* TrashBin.swift */,
				5CD2F5972682251500993A54 /* Cell */,
				5CEE8BFE266A15AC00EB6617 /* Pins */,
			);
			path = "Map View";
			sourceTree = "<group>";
		};
		5CD2F5972682251500993A54 /* Cell */ = {
			isa = PBXGroup;
			children = (
				5C07594526596F17000F64C7 /* MaterialPinCell.swift */,
				5CD2F5952681C34400993A54 /* ImagePinCell.swift */,
				5CD2F5982682253700993A54 /* ImagePinCell+Empty.swift */,
			);
			path = Cell;
			sourceTree = "<group>";
		};
		5CEE8BFE266A15AC00EB6617 /* Pins */ = {
			isa = PBXGroup;
			children = (
				5C5ED1992659386B00084458 /* DefaultPins.swift */,
				5CEE8BFF266A166700EB6617 /* ClusterPin.swift */,
			);
			path = Pins;
			sourceTree = "<group>";
		};
		5CFA1A3925C99BBE00587EC5 /* User Defaults */ = {
			isa = PBXGroup;
			children = (
				5CFA1A3A25C99BD200587EC5 /* Defaults.swift */,
			);
			path = "User Defaults";
			sourceTree = "<group>";
		};
		69F69B6106B6C3A91B2C84B8 /* Frameworks */ = {
			isa = PBXGroup;
			children = (
				3104BA7F5B996BFFAE13BFE4 /* Pods_Biniva.framework */,
				BC08C6CA904D3B70E2693E56 /* Pods_Biniva_BinivaUITests.framework */,
				5A4738DE77F4FC6012602D51 /* Pods_BinivaTests.framework */,
			);
			name = Frameworks;
			sourceTree = "<group>";
		};
/* End PBXGroup section */

/* Begin PBXNativeTarget section */
		5C459148254D55C0005AE26C /* Biniva */ = {
			isa = PBXNativeTarget;
			buildConfigurationList = 5C459173254D55C2005AE26C /* Build configuration list for PBXNativeTarget "Biniva" */;
			buildPhases = (
				BB271048C1A0259996958F28 /* [CP] Check Pods Manifest.lock */,
				5C459145254D55C0005AE26C /* Sources */,
				5C459146254D55C0005AE26C /* Frameworks */,
				5C459147254D55C0005AE26C /* Resources */,
				E2A1AC9B3C1DA149FA9488BC /* [CP] Embed Pods Frameworks */,
			);
			buildRules = (
			);
			dependencies = (
			);
			name = Biniva;
			productName = GreenerCo;
			productReference = 5C459149254D55C0005AE26C /* Biniva.app */;
			productType = "com.apple.product-type.application";
		};
		5C45915E254D55C2005AE26C /* BinivaTests */ = {
			isa = PBXNativeTarget;
			buildConfigurationList = 5C459176254D55C2005AE26C /* Build configuration list for PBXNativeTarget "BinivaTests" */;
			buildPhases = (
				E7FAF27931C8F520DDDCF135 /* [CP] Check Pods Manifest.lock */,
				5C45915B254D55C2005AE26C /* Sources */,
				5C45915C254D55C2005AE26C /* Frameworks */,
				5C45915D254D55C2005AE26C /* Resources */,
			);
			buildRules = (
			);
			dependencies = (
				5C459161254D55C2005AE26C /* PBXTargetDependency */,
			);
			name = BinivaTests;
			productName = GreenerCoTests;
			productReference = 5C45915F254D55C2005AE26C /* BinivaTests.xctest */;
			productType = "com.apple.product-type.bundle.unit-test";
		};
		5C459169254D55C2005AE26C /* BinivaUITests */ = {
			isa = PBXNativeTarget;
			buildConfigurationList = 5C459179254D55C2005AE26C /* Build configuration list for PBXNativeTarget "BinivaUITests" */;
			buildPhases = (
				CDEF29404C08C81B37D5D642 /* [CP] Check Pods Manifest.lock */,
				5C459166254D55C2005AE26C /* Sources */,
				5C459167254D55C2005AE26C /* Frameworks */,
				5C459168254D55C2005AE26C /* Resources */,
				4EC6870024B981B067A390D6 /* [CP] Embed Pods Frameworks */,
			);
			buildRules = (
			);
			dependencies = (
				5C45916C254D55C2005AE26C /* PBXTargetDependency */,
			);
			name = BinivaUITests;
			productName = GreenerCoUITests;
			productReference = 5C45916A254D55C2005AE26C /* BinivaUITests.xctest */;
			productType = "com.apple.product-type.bundle.ui-testing";
		};
/* End PBXNativeTarget section */

/* Begin PBXProject section */
		5C459141254D55C0005AE26C /* Project object */ = {
			isa = PBXProject;
			attributes = {
				LastSwiftUpdateCheck = 1200;
				LastUpgradeCheck = 1200;
				TargetAttributes = {
					5C459148254D55C0005AE26C = {
						CreatedOnToolsVersion = 12.0;
					};
					5C45915E254D55C2005AE26C = {
						CreatedOnToolsVersion = 12.0;
						TestTargetID = 5C459148254D55C0005AE26C;
					};
					5C459169254D55C2005AE26C = {
						CreatedOnToolsVersion = 12.0;
						TestTargetID = 5C459148254D55C0005AE26C;
					};
				};
			};
			buildConfigurationList = 5C459144254D55C0005AE26C /* Build configuration list for PBXProject "Biniva" */;
			compatibilityVersion = "Xcode 9.3";
			developmentRegion = en;
			hasScannedForEncodings = 0;
			knownRegions = (
				en,
				Base,
			);
			mainGroup = 5C459140254D55C0005AE26C;
			productRefGroup = 5C45914A254D55C0005AE26C /* Products */;
			projectDirPath = "";
			projectRoot = "";
			targets = (
				5C459148254D55C0005AE26C /* Biniva */,
				5C45915E254D55C2005AE26C /* BinivaTests */,
				5C459169254D55C2005AE26C /* BinivaUITests */,
			);
		};
/* End PBXProject section */

/* Begin PBXResourcesBuildPhase section */
		5C459147254D55C0005AE26C /* Resources */ = {
			isa = PBXResourcesBuildPhase;
			buildActionMask = 2147483647;
			files = (
				5C459159254D55C1005AE26C /* LaunchScreen.storyboard in Resources */,
				5C83A053255EB3CC005C2CAA /* Assets.xcassets in Resources */,
				5C54DF9626767B03002548B8 /* GoogleService-Info.plist in Resources */,
				5C83A05C255F9796005C2CAA /* SF-Pro-Italic.ttf in Resources */,
				5C83A060255F979A005C2CAA /* SF-Pro.ttf in Resources */,
			);
			runOnlyForDeploymentPostprocessing = 0;
		};
		5C45915D254D55C2005AE26C /* Resources */ = {
			isa = PBXResourcesBuildPhase;
			buildActionMask = 2147483647;
			files = (
			);
			runOnlyForDeploymentPostprocessing = 0;
		};
		5C459168254D55C2005AE26C /* Resources */ = {
			isa = PBXResourcesBuildPhase;
			buildActionMask = 2147483647;
			files = (
			);
			runOnlyForDeploymentPostprocessing = 0;
		};
/* End PBXResourcesBuildPhase section */

/* Begin PBXShellScriptBuildPhase section */
		4EC6870024B981B067A390D6 /* [CP] Embed Pods Frameworks */ = {
			isa = PBXShellScriptBuildPhase;
			buildActionMask = 2147483647;
			files = (
			);
			inputFileListPaths = (
				"${PODS_ROOT}/Target Support Files/Pods-Biniva-BinivaUITests/Pods-Biniva-BinivaUITests-frameworks-${CONFIGURATION}-input-files.xcfilelist",
			);
			name = "[CP] Embed Pods Frameworks";
			outputFileListPaths = (
				"${PODS_ROOT}/Target Support Files/Pods-Biniva-BinivaUITests/Pods-Biniva-BinivaUITests-frameworks-${CONFIGURATION}-output-files.xcfilelist",
			);
			runOnlyForDeploymentPostprocessing = 0;
			shellPath = /bin/sh;
			shellScript = "\"${PODS_ROOT}/Target Support Files/Pods-Biniva-BinivaUITests/Pods-Biniva-BinivaUITests-frameworks.sh\"\n";
			showEnvVarsInLog = 0;
		};
		BB271048C1A0259996958F28 /* [CP] Check Pods Manifest.lock */ = {
			isa = PBXShellScriptBuildPhase;
			buildActionMask = 2147483647;
			files = (
			);
			inputFileListPaths = (
			);
			inputPaths = (
				"${PODS_PODFILE_DIR_PATH}/Podfile.lock",
				"${PODS_ROOT}/Manifest.lock",
			);
			name = "[CP] Check Pods Manifest.lock";
			outputFileListPaths = (
			);
			outputPaths = (
				"$(DERIVED_FILE_DIR)/Pods-Biniva-checkManifestLockResult.txt",
			);
			runOnlyForDeploymentPostprocessing = 0;
			shellPath = /bin/sh;
			shellScript = "diff \"${PODS_PODFILE_DIR_PATH}/Podfile.lock\" \"${PODS_ROOT}/Manifest.lock\" > /dev/null\nif [ $? != 0 ] ; then\n    # print error to STDERR\n    echo \"error: The sandbox is not in sync with the Podfile.lock. Run 'pod install' or update your CocoaPods installation.\" >&2\n    exit 1\nfi\n# This output is used by Xcode 'outputs' to avoid re-running this script phase.\necho \"SUCCESS\" > \"${SCRIPT_OUTPUT_FILE_0}\"\n";
			showEnvVarsInLog = 0;
		};
		CDEF29404C08C81B37D5D642 /* [CP] Check Pods Manifest.lock */ = {
			isa = PBXShellScriptBuildPhase;
			buildActionMask = 2147483647;
			files = (
			);
			inputFileListPaths = (
			);
			inputPaths = (
				"${PODS_PODFILE_DIR_PATH}/Podfile.lock",
				"${PODS_ROOT}/Manifest.lock",
			);
			name = "[CP] Check Pods Manifest.lock";
			outputFileListPaths = (
			);
			outputPaths = (
				"$(DERIVED_FILE_DIR)/Pods-Biniva-BinivaUITests-checkManifestLockResult.txt",
			);
			runOnlyForDeploymentPostprocessing = 0;
			shellPath = /bin/sh;
			shellScript = "diff \"${PODS_PODFILE_DIR_PATH}/Podfile.lock\" \"${PODS_ROOT}/Manifest.lock\" > /dev/null\nif [ $? != 0 ] ; then\n    # print error to STDERR\n    echo \"error: The sandbox is not in sync with the Podfile.lock. Run 'pod install' or update your CocoaPods installation.\" >&2\n    exit 1\nfi\n# This output is used by Xcode 'outputs' to avoid re-running this script phase.\necho \"SUCCESS\" > \"${SCRIPT_OUTPUT_FILE_0}\"\n";
			showEnvVarsInLog = 0;
		};
		E2A1AC9B3C1DA149FA9488BC /* [CP] Embed Pods Frameworks */ = {
			isa = PBXShellScriptBuildPhase;
			buildActionMask = 2147483647;
			files = (
			);
			inputFileListPaths = (
				"${PODS_ROOT}/Target Support Files/Pods-Biniva/Pods-Biniva-frameworks-${CONFIGURATION}-input-files.xcfilelist",
			);
			name = "[CP] Embed Pods Frameworks";
			outputFileListPaths = (
				"${PODS_ROOT}/Target Support Files/Pods-Biniva/Pods-Biniva-frameworks-${CONFIGURATION}-output-files.xcfilelist",
			);
			runOnlyForDeploymentPostprocessing = 0;
			shellPath = /bin/sh;
			shellScript = "\"${PODS_ROOT}/Target Support Files/Pods-Biniva/Pods-Biniva-frameworks.sh\"\n";
			showEnvVarsInLog = 0;
		};
		E7FAF27931C8F520DDDCF135 /* [CP] Check Pods Manifest.lock */ = {
			isa = PBXShellScriptBuildPhase;
			buildActionMask = 2147483647;
			files = (
			);
			inputFileListPaths = (
			);
			inputPaths = (
				"${PODS_PODFILE_DIR_PATH}/Podfile.lock",
				"${PODS_ROOT}/Manifest.lock",
			);
			name = "[CP] Check Pods Manifest.lock";
			outputFileListPaths = (
			);
			outputPaths = (
				"$(DERIVED_FILE_DIR)/Pods-BinivaTests-checkManifestLockResult.txt",
			);
			runOnlyForDeploymentPostprocessing = 0;
			shellPath = /bin/sh;
			shellScript = "diff \"${PODS_PODFILE_DIR_PATH}/Podfile.lock\" \"${PODS_ROOT}/Manifest.lock\" > /dev/null\nif [ $? != 0 ] ; then\n    # print error to STDERR\n    echo \"error: The sandbox is not in sync with the Podfile.lock. Run 'pod install' or update your CocoaPods installation.\" >&2\n    exit 1\nfi\n# This output is used by Xcode 'outputs' to avoid re-running this script phase.\necho \"SUCCESS\" > \"${SCRIPT_OUTPUT_FILE_0}\"\n";
			showEnvVarsInLog = 0;
		};
/* End PBXShellScriptBuildPhase section */

/* Begin PBXSourcesBuildPhase section */
		5C459145254D55C0005AE26C /* Sources */ = {
			isa = PBXSourcesBuildPhase;
			buildActionMask = 2147483647;
			files = (
				5CB8593C2652BB3D00885A6D /* MaterialStatsCell+Empty.swift in Sources */,
				5C55591C262D945C0046F5A5 /* SwitcherView.swift in Sources */,
				5C5ED19A2659386B00084458 /* DefaultPins.swift in Sources */,
				5CAF7D53262C7A5700249CC6 /* TopView.swift in Sources */,
				5CF90C51262EA3A000127E4D /* AddTrashController.swift in Sources */,
				5C3046F625C13DAC00BAFEEF /* AddPhotoCell.swift in Sources */,
				5C25D8A7263693A900D2206E /* StatsCell.swift in Sources */,
				5C087034262738EB0057E840 /* CoreDataFunction.swift in Sources */,
				5CC2DDCE2590A9D7009E9C73 /* SettingsController.swift in Sources */,
				5CE1B0282633DA5100549536 /* WeightView.swift in Sources */,
				5C2A670E2667888500772674 /* CoordinateAnnotation.swift in Sources */,
				5C22533525B1638800E73D0A /* BackTopView.swift in Sources */,
				5C3046DA25C02CA000BAFEEF /* View Extension.swift in Sources */,
				5CD2F5962681C34400993A54 /* ImagePinCell.swift in Sources */,
				5CB6A23425C4638900EC4B3A /* EmptyMeetingsCell.swift in Sources */,
				5CF84BDF254DCB1200CABEB6 /* AddItemView.swift in Sources */,
				5C3046EE25C13D9800BAFEEF /* TextFieldCell.swift in Sources */,
				5C7D378A264CF80C00DFEBA7 /* EmptyStatsCell.swift in Sources */,
				5CD557002652532F007B3D06 /* MaterialStatsCell.swift in Sources */,
				5C6C89F025AF41F400D55A16 /* ButtonView.swift in Sources */,
				5C087043262739E10057E840 /* Model+CoreDataClass.swift in Sources */,
				5CFB8FB926281BB000372203 /* DataFunction.swift in Sources */,
				5CC26A9C25CBF27F000501AD /* ItemView.swift in Sources */,
				5C782CD4267A059900A853D5 /* Points+CoreDataClass.swift in Sources */,
				5CC2DDD32590D13E009E9C73 /* SettingsCell.swift in Sources */,
				5C3046E525C13B8E00BAFEEF /* RegistrationController.swift in Sources */,
				5C3046FC25C13DC100BAFEEF /* AddGoalCell.swift in Sources */,
				5C454E2A25B57B2000966991 /* OnboardingController.swift in Sources */,
				5C45914D254D55C0005AE26C /* AppDelegate.swift in Sources */,
				5C045BF725BFE25300E42843 /* Dictionary Extension.swift in Sources */,
				5CD556FB26524DFE007B3D06 /* MaterialStatView.swift in Sources */,
				5CEE8C02266A173200EB6617 /* TrashBin.swift in Sources */,
				5CB6A22F25C40D6200EC4B3A /* ImageView Extension.swift in Sources */,
				5C25D8AC2636BB9B00D2206E /* MaterialData.swift in Sources */,
				5C087044262739E10057E840 /* Model+CoreDataProperties.swift in Sources */,
				5C30472925C2DC5C00BAFEEF /* EnableLocationCell.swift in Sources */,
				5CBB5102257D12160097F4BD /* MeetingViewController.swift in Sources */,
				5CFB623E259B246800F1C8C7 /* AddMapCell.swift in Sources */,
				5C5D03E925B1A71F0011AB9D /* InfoView.swift in Sources */,
				5C22533A25B1690F00E73D0A /* WhoJoinedView.swift in Sources */,
				5C30470125C140E100BAFEEF /* Label Extension.swift in Sources */,
				5CFB6246259B415100F1C8C7 /* TopProgressView.swift in Sources */,
				5C07594626596F17000F64C7 /* MaterialPinCell.swift in Sources */,
				5C30470B25C157C800BAFEEF /* TextField Extension.swift in Sources */,
				5C045BDF25BB0EF100E42843 /* OnboardCell.swift in Sources */,
				5C6CDAAF26596990009F72D8 /* BottomPinView.swift in Sources */,
				5C045BD625BAE80B00E42843 /* BottomLogInView.swift in Sources */,
				5CFB624B259B92E800F1C8C7 /* TopHeaderView.swift in Sources */,
				5CD2F5992682253700993A54 /* ImagePinCell+Empty.swift in Sources */,
				5C30470625C1447D00BAFEEF /* TextView Extension.swift in Sources */,
				5CBF94D825E637940071742F /* OtherHeaderView.swift in Sources */,
				5CB6A22A25C3D4A900EC4B3A /* ViewController Extension.swift in Sources */,
				5C9F98B3262DE1E200DFCFEA /* StatsView.swift in Sources */,
				5CFB622E259A447200F1C8C7 /* AddMeetingController.swift in Sources */,
				5C36401625E64346003908B7 /* ProfileInfoCell.swift in Sources */,
				5C45917E254D59D3005AE26C /* RecyclingController.swift in Sources */,
				5C782CD5267A059900A853D5 /* Points+CoreDataProperties.swift in Sources */,
				5C11455826612B9400F48626 /* MapView+Model.swift in Sources */,
				5CE7218525A2047500ECE84F /* ProgressImageView.swift in Sources */,
				5C3D533C2630564E00DA0AFB /* ExtraAddCell.swift in Sources */,
				5C45914F254D55C0005AE26C /* SceneDelegate.swift in Sources */,
				5C6C2B022581477B00B653AD /* MessageCell.swift in Sources */,
				5C448744258B8ED000474BFF /* UserProfileController.swift in Sources */,
				5CF90C57262EA7C100127E4D /* MaterialCell.swift in Sources */,
				5C0F7E3325AC6B20000C4312 /* AboutUsController.swift in Sources */,
				5CC2DDFD259866C9009E9C73 /* CompletePlusView.swift in Sources */,
				5CEDA06725DCF4A0009280D0 /* Array Extension.swift in Sources */,
				5C54954C255857FB00E5140C /* TopViewCell.swift in Sources */,
				5CA776D22656B3C600EDAF47 /* MapView.swift in Sources */,
				5C1D11C425C6B7F2007C8DBC /* Date Extension.swift in Sources */,
				5C83A07A2563AC58005C2CAA /* Main Constants.swift in Sources */,
				5CEE8C00266A166700EB6617 /* ClusterPin.swift in Sources */,
				5CC12876265FFF8C0097ECDD /* MKMapView+Extension.swift in Sources */,
				5C7C5E9E264ABDDE00B4FE8C /* NewOnboardingController.swift in Sources */,
				5C08703D262739080057E840 /* Model.xcdatamodeld in Sources */,
				5CD5570526526946007B3D06 /* MaterialFunctions.swift in Sources */,
				5C045BE825BC77B200E42843 /* Server.swift in Sources */,
				5C30472425C2A51E00BAFEEF /* SetResultView.swift in Sources */,
				5CFB6239259A4DB100F1C8C7 /* AddOtherCell.swift in Sources */,
				5C1BD66025D7CA770002A894 /* Material Defaults.swift in Sources */,
				5C1D11C925C7259B007C8DBC /* ServerMaterials.swift in Sources */,
				5C3D533726301D0A00DA0AFB /* AddTrashView.swift in Sources */,
				5C2E36B525D40CC500F92588 /* LogInController.swift in Sources */,
				5CFA1A3B25C99BD200587EC5 /* Defaults.swift in Sources */,
				5CAF7D59262C7D0F00249CC6 /* ProgressView.swift in Sources */,
				5CF2E64A255D946600B4EFE3 /* MeetingCell.swift in Sources */,
				5C9F98AB262DDDDD00DFCFEA /* RecyclingView.swift in Sources */,
			);
			runOnlyForDeploymentPostprocessing = 0;
		};
		5C45915B254D55C2005AE26C /* Sources */ = {
			isa = PBXSourcesBuildPhase;
			buildActionMask = 2147483647;
			files = (
				5C459164254D55C2005AE26C /* BinivaTests.swift in Sources */,
			);
			runOnlyForDeploymentPostprocessing = 0;
		};
		5C459166254D55C2005AE26C /* Sources */ = {
			isa = PBXSourcesBuildPhase;
			buildActionMask = 2147483647;
			files = (
				5C45916F254D55C2005AE26C /* BinivaUITests.swift in Sources */,
			);
			runOnlyForDeploymentPostprocessing = 0;
		};
/* End PBXSourcesBuildPhase section */

/* Begin PBXTargetDependency section */
		5C459161254D55C2005AE26C /* PBXTargetDependency */ = {
			isa = PBXTargetDependency;
			target = 5C459148254D55C0005AE26C /* Biniva */;
			targetProxy = 5C459160254D55C2005AE26C /* PBXContainerItemProxy */;
		};
		5C45916C254D55C2005AE26C /* PBXTargetDependency */ = {
			isa = PBXTargetDependency;
			target = 5C459148254D55C0005AE26C /* Biniva */;
			targetProxy = 5C45916B254D55C2005AE26C /* PBXContainerItemProxy */;
		};
/* End PBXTargetDependency section */

/* Begin PBXVariantGroup section */
		5C459157254D55C1005AE26C /* LaunchScreen.storyboard */ = {
			isa = PBXVariantGroup;
			children = (
				5C459158254D55C1005AE26C /* Base */,
			);
			name = LaunchScreen.storyboard;
			sourceTree = "<group>";
		};
/* End PBXVariantGroup section */

/* Begin XCBuildConfiguration section */
		5C459171254D55C2005AE26C /* Debug */ = {
			isa = XCBuildConfiguration;
			buildSettings = {
				ALWAYS_SEARCH_USER_PATHS = NO;
				CLANG_ANALYZER_NONNULL = YES;
				CLANG_ANALYZER_NUMBER_OBJECT_CONVERSION = YES_AGGRESSIVE;
				CLANG_CXX_LANGUAGE_STANDARD = "gnu++14";
				CLANG_CXX_LIBRARY = "libc++";
				CLANG_ENABLE_MODULES = YES;
				CLANG_ENABLE_OBJC_ARC = YES;
				CLANG_ENABLE_OBJC_WEAK = YES;
				CLANG_WARN_BLOCK_CAPTURE_AUTORELEASING = YES;
				CLANG_WARN_BOOL_CONVERSION = YES;
				CLANG_WARN_COMMA = YES;
				CLANG_WARN_CONSTANT_CONVERSION = YES;
				CLANG_WARN_DEPRECATED_OBJC_IMPLEMENTATIONS = YES;
				CLANG_WARN_DIRECT_OBJC_ISA_USAGE = YES_ERROR;
				CLANG_WARN_DOCUMENTATION_COMMENTS = YES;
				CLANG_WARN_EMPTY_BODY = YES;
				CLANG_WARN_ENUM_CONVERSION = YES;
				CLANG_WARN_INFINITE_RECURSION = YES;
				CLANG_WARN_INT_CONVERSION = YES;
				CLANG_WARN_NON_LITERAL_NULL_CONVERSION = YES;
				CLANG_WARN_OBJC_IMPLICIT_RETAIN_SELF = YES;
				CLANG_WARN_OBJC_LITERAL_CONVERSION = YES;
				CLANG_WARN_OBJC_ROOT_CLASS = YES_ERROR;
				CLANG_WARN_QUOTED_INCLUDE_IN_FRAMEWORK_HEADER = YES;
				CLANG_WARN_RANGE_LOOP_ANALYSIS = YES;
				CLANG_WARN_STRICT_PROTOTYPES = YES;
				CLANG_WARN_SUSPICIOUS_MOVE = YES;
				CLANG_WARN_UNGUARDED_AVAILABILITY = YES_AGGRESSIVE;
				CLANG_WARN_UNREACHABLE_CODE = YES;
				CLANG_WARN__DUPLICATE_METHOD_MATCH = YES;
				COPY_PHASE_STRIP = NO;
				DEBUG_INFORMATION_FORMAT = dwarf;
				ENABLE_STRICT_OBJC_MSGSEND = YES;
				ENABLE_TESTABILITY = YES;
				GCC_C_LANGUAGE_STANDARD = gnu11;
				GCC_DYNAMIC_NO_PIC = NO;
				GCC_NO_COMMON_BLOCKS = YES;
				GCC_OPTIMIZATION_LEVEL = 0;
				GCC_PREPROCESSOR_DEFINITIONS = (
					"DEBUG=1",
					"$(inherited)",
				);
				GCC_WARN_64_TO_32_BIT_CONVERSION = YES;
				GCC_WARN_ABOUT_RETURN_TYPE = YES_ERROR;
				GCC_WARN_UNDECLARED_SELECTOR = YES;
				GCC_WARN_UNINITIALIZED_AUTOS = YES_AGGRESSIVE;
				GCC_WARN_UNUSED_FUNCTION = YES;
				GCC_WARN_UNUSED_VARIABLE = YES;
				IPHONEOS_DEPLOYMENT_TARGET = 13.0;
				MTL_ENABLE_DEBUG_INFO = INCLUDE_SOURCE;
				MTL_FAST_MATH = YES;
				ONLY_ACTIVE_ARCH = YES;
				SDKROOT = iphoneos;
				SWIFT_ACTIVE_COMPILATION_CONDITIONS = DEBUG;
				SWIFT_OPTIMIZATION_LEVEL = "-Onone";
			};
			name = Debug;
		};
		5C459172254D55C2005AE26C /* Release */ = {
			isa = XCBuildConfiguration;
			buildSettings = {
				ALWAYS_SEARCH_USER_PATHS = NO;
				CLANG_ANALYZER_NONNULL = YES;
				CLANG_ANALYZER_NUMBER_OBJECT_CONVERSION = YES_AGGRESSIVE;
				CLANG_CXX_LANGUAGE_STANDARD = "gnu++14";
				CLANG_CXX_LIBRARY = "libc++";
				CLANG_ENABLE_MODULES = YES;
				CLANG_ENABLE_OBJC_ARC = YES;
				CLANG_ENABLE_OBJC_WEAK = YES;
				CLANG_WARN_BLOCK_CAPTURE_AUTORELEASING = YES;
				CLANG_WARN_BOOL_CONVERSION = YES;
				CLANG_WARN_COMMA = YES;
				CLANG_WARN_CONSTANT_CONVERSION = YES;
				CLANG_WARN_DEPRECATED_OBJC_IMPLEMENTATIONS = YES;
				CLANG_WARN_DIRECT_OBJC_ISA_USAGE = YES_ERROR;
				CLANG_WARN_DOCUMENTATION_COMMENTS = YES;
				CLANG_WARN_EMPTY_BODY = YES;
				CLANG_WARN_ENUM_CONVERSION = YES;
				CLANG_WARN_INFINITE_RECURSION = YES;
				CLANG_WARN_INT_CONVERSION = YES;
				CLANG_WARN_NON_LITERAL_NULL_CONVERSION = YES;
				CLANG_WARN_OBJC_IMPLICIT_RETAIN_SELF = YES;
				CLANG_WARN_OBJC_LITERAL_CONVERSION = YES;
				CLANG_WARN_OBJC_ROOT_CLASS = YES_ERROR;
				CLANG_WARN_QUOTED_INCLUDE_IN_FRAMEWORK_HEADER = YES;
				CLANG_WARN_RANGE_LOOP_ANALYSIS = YES;
				CLANG_WARN_STRICT_PROTOTYPES = YES;
				CLANG_WARN_SUSPICIOUS_MOVE = YES;
				CLANG_WARN_UNGUARDED_AVAILABILITY = YES_AGGRESSIVE;
				CLANG_WARN_UNREACHABLE_CODE = YES;
				CLANG_WARN__DUPLICATE_METHOD_MATCH = YES;
				COPY_PHASE_STRIP = NO;
				DEBUG_INFORMATION_FORMAT = "dwarf-with-dsym";
				ENABLE_NS_ASSERTIONS = NO;
				ENABLE_STRICT_OBJC_MSGSEND = YES;
				GCC_C_LANGUAGE_STANDARD = gnu11;
				GCC_NO_COMMON_BLOCKS = YES;
				GCC_WARN_64_TO_32_BIT_CONVERSION = YES;
				GCC_WARN_ABOUT_RETURN_TYPE = YES_ERROR;
				GCC_WARN_UNDECLARED_SELECTOR = YES;
				GCC_WARN_UNINITIALIZED_AUTOS = YES_AGGRESSIVE;
				GCC_WARN_UNUSED_FUNCTION = YES;
				GCC_WARN_UNUSED_VARIABLE = YES;
				IPHONEOS_DEPLOYMENT_TARGET = 13.0;
				MTL_ENABLE_DEBUG_INFO = NO;
				MTL_FAST_MATH = YES;
				SDKROOT = iphoneos;
				SWIFT_COMPILATION_MODE = wholemodule;
				SWIFT_OPTIMIZATION_LEVEL = "-O";
				VALIDATE_PRODUCT = YES;
			};
			name = Release;
		};
		5C459174254D55C2005AE26C /* Debug */ = {
			isa = XCBuildConfiguration;
			baseConfigurationReference = 1BBF71B24480A5ADE4CD2524 /* Pods-Biniva.debug.xcconfig */;
			buildSettings = {
				ASSETCATALOG_COMPILER_APPICON_NAME = AppIcon;
				ASSETCATALOG_COMPILER_GLOBAL_ACCENT_COLOR_NAME = AccentColor;
				CODE_SIGN_ENTITLEMENTS = Biniva/Biniva.entitlements;
				CODE_SIGN_STYLE = Automatic;
				CURRENT_PROJECT_VERSION = 1;
				DEVELOPMENT_TEAM = Z962Q7H43F;
				INFOPLIST_FILE = "$(SRCROOT)/Biniva/Info.plist";
				IPHONEOS_DEPLOYMENT_TARGET = 13.0;
				LD_RUNPATH_SEARCH_PATHS = (
					"$(inherited)",
					"@executable_path/Frameworks",
				);
				MARKETING_VERSION = 1.0.2;
				PRODUCT_BUNDLE_IDENTIFIER = Greener.GreenerCo;
				PRODUCT_NAME = "$(TARGET_NAME)";
				SWIFT_VERSION = 5.0;
				TARGETED_DEVICE_FAMILY = 1;
			};
			name = Debug;
		};
		5C459175254D55C2005AE26C /* Release */ = {
			isa = XCBuildConfiguration;
			baseConfigurationReference = EBE81C2D922101F0CB84288C /* Pods-Biniva.release.xcconfig */;
			buildSettings = {
				ASSETCATALOG_COMPILER_APPICON_NAME = AppIcon;
				ASSETCATALOG_COMPILER_GLOBAL_ACCENT_COLOR_NAME = AccentColor;
				CODE_SIGN_ENTITLEMENTS = Biniva/Biniva.entitlements;
				CODE_SIGN_STYLE = Automatic;
				CURRENT_PROJECT_VERSION = 1;
				DEVELOPMENT_TEAM = Z962Q7H43F;
				INFOPLIST_FILE = "$(SRCROOT)/Biniva/Info.plist";
				IPHONEOS_DEPLOYMENT_TARGET = 13.0;
				LD_RUNPATH_SEARCH_PATHS = (
					"$(inherited)",
					"@executable_path/Frameworks",
				);
				MARKETING_VERSION = 1.0.2;
				PRODUCT_BUNDLE_IDENTIFIER = Greener.GreenerCo;
				PRODUCT_NAME = "$(TARGET_NAME)";
				SWIFT_VERSION = 5.0;
				TARGETED_DEVICE_FAMILY = 1;
			};
			name = Release;
		};
		5C459177254D55C2005AE26C /* Debug */ = {
			isa = XCBuildConfiguration;
			baseConfigurationReference = 1A24BCB40674F162AA005B6A /* Pods-BinivaTests.debug.xcconfig */;
			buildSettings = {
				ALWAYS_EMBED_SWIFT_STANDARD_LIBRARIES = YES;
				BUNDLE_LOADER = "$(TEST_HOST)";
				CODE_SIGN_STYLE = Automatic;
				DEVELOPMENT_TEAM = Z962Q7H43F;
				INFOPLIST_FILE = GreenerCoTests/Info.plist;
				IPHONEOS_DEPLOYMENT_TARGET = 14.0;
				LD_RUNPATH_SEARCH_PATHS = (
					"$(inherited)",
					"@executable_path/Frameworks",
					"@loader_path/Frameworks",
				);
				PRODUCT_BUNDLE_IDENTIFIER = Greener.GreenerCoTests;
				PRODUCT_NAME = "$(TARGET_NAME)";
				SWIFT_VERSION = 5.0;
				TARGETED_DEVICE_FAMILY = "1,2";
				TEST_HOST = "$(BUILT_PRODUCTS_DIR)/Biniva.app/Biniva";
			};
			name = Debug;
		};
		5C459178254D55C2005AE26C /* Release */ = {
			isa = XCBuildConfiguration;
			baseConfigurationReference = 3FBFFB943288CF8561B55D0B /* Pods-BinivaTests.release.xcconfig */;
			buildSettings = {
				ALWAYS_EMBED_SWIFT_STANDARD_LIBRARIES = YES;
				BUNDLE_LOADER = "$(TEST_HOST)";
				CODE_SIGN_STYLE = Automatic;
				DEVELOPMENT_TEAM = Z962Q7H43F;
				INFOPLIST_FILE = GreenerCoTests/Info.plist;
				IPHONEOS_DEPLOYMENT_TARGET = 14.0;
				LD_RUNPATH_SEARCH_PATHS = (
					"$(inherited)",
					"@executable_path/Frameworks",
					"@loader_path/Frameworks",
				);
				PRODUCT_BUNDLE_IDENTIFIER = Greener.GreenerCoTests;
				PRODUCT_NAME = "$(TARGET_NAME)";
				SWIFT_VERSION = 5.0;
				TARGETED_DEVICE_FAMILY = "1,2";
				TEST_HOST = "$(BUILT_PRODUCTS_DIR)/Biniva.app/Biniva";
			};
			name = Release;
		};
		5C45917A254D55C2005AE26C /* Debug */ = {
			isa = XCBuildConfiguration;
			baseConfigurationReference = 65FAE0A43344AF62CA16FBB3 /* Pods-Biniva-BinivaUITests.debug.xcconfig */;
			buildSettings = {
				ALWAYS_EMBED_SWIFT_STANDARD_LIBRARIES = YES;
				CODE_SIGN_STYLE = Automatic;
				DEVELOPMENT_TEAM = Z962Q7H43F;
				INFOPLIST_FILE = GreenerCoUITests/Info.plist;
				LD_RUNPATH_SEARCH_PATHS = (
					"$(inherited)",
					"@executable_path/Frameworks",
					"@loader_path/Frameworks",
				);
				PRODUCT_BUNDLE_IDENTIFIER = Greener.GreenerCoUITests;
				PRODUCT_NAME = "$(TARGET_NAME)";
				SWIFT_VERSION = 5.0;
				TARGETED_DEVICE_FAMILY = "1,2";
				TEST_TARGET_NAME = GreenerCo;
			};
			name = Debug;
		};
		5C45917B254D55C2005AE26C /* Release */ = {
			isa = XCBuildConfiguration;
			baseConfigurationReference = 3EC76250C5233653E1669399 /* Pods-Biniva-BinivaUITests.release.xcconfig */;
			buildSettings = {
				ALWAYS_EMBED_SWIFT_STANDARD_LIBRARIES = YES;
				CODE_SIGN_STYLE = Automatic;
				DEVELOPMENT_TEAM = Z962Q7H43F;
				INFOPLIST_FILE = GreenerCoUITests/Info.plist;
				LD_RUNPATH_SEARCH_PATHS = (
					"$(inherited)",
					"@executable_path/Frameworks",
					"@loader_path/Frameworks",
				);
				PRODUCT_BUNDLE_IDENTIFIER = Greener.GreenerCoUITests;
				PRODUCT_NAME = "$(TARGET_NAME)";
				SWIFT_VERSION = 5.0;
				TARGETED_DEVICE_FAMILY = "1,2";
				TEST_TARGET_NAME = GreenerCo;
			};
			name = Release;
		};
/* End XCBuildConfiguration section */

/* Begin XCConfigurationList section */
		5C459144254D55C0005AE26C /* Build configuration list for PBXProject "Biniva" */ = {
			isa = XCConfigurationList;
			buildConfigurations = (
				5C459171254D55C2005AE26C /* Debug */,
				5C459172254D55C2005AE26C /* Release */,
			);
			defaultConfigurationIsVisible = 0;
			defaultConfigurationName = Release;
		};
		5C459173254D55C2005AE26C /* Build configuration list for PBXNativeTarget "Biniva" */ = {
			isa = XCConfigurationList;
			buildConfigurations = (
				5C459174254D55C2005AE26C /* Debug */,
				5C459175254D55C2005AE26C /* Release */,
			);
			defaultConfigurationIsVisible = 0;
			defaultConfigurationName = Release;
		};
		5C459176254D55C2005AE26C /* Build configuration list for PBXNativeTarget "BinivaTests" */ = {
			isa = XCConfigurationList;
			buildConfigurations = (
				5C459177254D55C2005AE26C /* Debug */,
				5C459178254D55C2005AE26C /* Release */,
			);
			defaultConfigurationIsVisible = 0;
			defaultConfigurationName = Release;
		};
		5C459179254D55C2005AE26C /* Build configuration list for PBXNativeTarget "BinivaUITests" */ = {
			isa = XCConfigurationList;
			buildConfigurations = (
				5C45917A254D55C2005AE26C /* Debug */,
				5C45917B254D55C2005AE26C /* Release */,
			);
			defaultConfigurationIsVisible = 0;
			defaultConfigurationName = Release;
		};
/* End XCConfigurationList section */

/* Begin XCVersionGroup section */
		5C08703B262739080057E840 /* Model.xcdatamodeld */ = {
			isa = XCVersionGroup;
			children = (
				5C08703C262739080057E840 /* Model.xcdatamodel */,
			);
			currentVersion = 5C08703C262739080057E840 /* Model.xcdatamodel */;
			path = Model.xcdatamodeld;
			sourceTree = "<group>";
			versionGroupType = wrapper.xcdatamodel;
		};
/* End XCVersionGroup section */
	};
	rootObject = 5C459141254D55C0005AE26C /* Project object */;
}
