// !$*UTF8*$!
{
	archiveVersion = 1;
	classes = {
	};
	objectVersion = 51;
	objects = {

/* Begin PBXBuildFile section */
		23D2F7A9114228755D725C77 /* Pods_GreenerCo.framework in Frameworks */ = {isa = PBXBuildFile; fileRef = AE30A6D69A87A207719A5E78 /* Pods_GreenerCo.framework */; };
		5C045BD625BAE80B00E42843 /* BottomLogInView.swift in Sources */ = {isa = PBXBuildFile; fileRef = 5C045BD525BAE80B00E42843 /* BottomLogInView.swift */; };
		5C045BDF25BB0EF100E42843 /* OnboardCell.swift in Sources */ = {isa = PBXBuildFile; fileRef = 5C045BDE25BB0EF100E42843 /* OnboardCell.swift */; };
		5C045BE825BC77B200E42843 /* Server.swift in Sources */ = {isa = PBXBuildFile; fileRef = 5C045BE725BC77B200E42843 /* Server.swift */; };
		5C045BF725BFE25300E42843 /* Dictionary Extension.swift in Sources */ = {isa = PBXBuildFile; fileRef = 5C045BF625BFE25300E42843 /* Dictionary Extension.swift */; };
		5C0F7E3325AC6B20000C4312 /* AboutUsController.swift in Sources */ = {isa = PBXBuildFile; fileRef = 5C0F7E3225AC6B20000C4312 /* AboutUsController.swift */; };
		5C12A73F2554520500A59D8E /* StatsController.swift in Sources */ = {isa = PBXBuildFile; fileRef = 5C12A73E2554520500A59D8E /* StatsController.swift */; };
		5C1C5E0425A6064C000DC5EC /* BarView.swift in Sources */ = {isa = PBXBuildFile; fileRef = 5C1C5E0325A6064C000DC5EC /* BarView.swift */; };
		5C1D01FA255C26610058D276 /* ShowAchieveController.swift in Sources */ = {isa = PBXBuildFile; fileRef = 5C1D01F9255C26610058D276 /* ShowAchieveController.swift */; };
		5C1D11C425C6B7F2007C8DBC /* Date Extension.swift in Sources */ = {isa = PBXBuildFile; fileRef = 5C1D11C325C6B7F2007C8DBC /* Date Extension.swift */; };
		5C1D11C925C7259B007C8DBC /* ServerMaterials.swift in Sources */ = {isa = PBXBuildFile; fileRef = 5C1D11C825C7259B007C8DBC /* ServerMaterials.swift */; };
		5C22533525B1638800E73D0A /* BackTopView.swift in Sources */ = {isa = PBXBuildFile; fileRef = 5C22533425B1638800E73D0A /* BackTopView.swift */; };
		5C22533A25B1690F00E73D0A /* ThreeImagesView.swift in Sources */ = {isa = PBXBuildFile; fileRef = 5C22533925B1690F00E73D0A /* ThreeImagesView.swift */; };
		5C2E36B525D40CC500F92588 /* LogInController.swift in Sources */ = {isa = PBXBuildFile; fileRef = 5C2E36B425D40CC500F92588 /* LogInController.swift */; };
		5C3046DA25C02CA000BAFEEF /* View Extension.swift in Sources */ = {isa = PBXBuildFile; fileRef = 5C3046D925C02CA000BAFEEF /* View Extension.swift */; };
		5C3046E525C13B8E00BAFEEF /* RegistrationController.swift in Sources */ = {isa = PBXBuildFile; fileRef = 5C3046E425C13B8E00BAFEEF /* RegistrationController.swift */; };
		5C3046EE25C13D9800BAFEEF /* TextFieldCell.swift in Sources */ = {isa = PBXBuildFile; fileRef = 5C3046ED25C13D9800BAFEEF /* TextFieldCell.swift */; };
		5C3046F625C13DAC00BAFEEF /* AddPhotoCell.swift in Sources */ = {isa = PBXBuildFile; fileRef = 5C3046F525C13DAC00BAFEEF /* AddPhotoCell.swift */; };
		5C3046FC25C13DC100BAFEEF /* AddGoalCell.swift in Sources */ = {isa = PBXBuildFile; fileRef = 5C3046FB25C13DC100BAFEEF /* AddGoalCell.swift */; };
		5C30470125C140E100BAFEEF /* Label Extension.swift in Sources */ = {isa = PBXBuildFile; fileRef = 5C30470025C140E100BAFEEF /* Label Extension.swift */; };
		5C30470625C1447D00BAFEEF /* TextView Extension.swift in Sources */ = {isa = PBXBuildFile; fileRef = 5C30470525C1447D00BAFEEF /* TextView Extension.swift */; };
		5C30470B25C157C800BAFEEF /* TextField Extension.swift in Sources */ = {isa = PBXBuildFile; fileRef = 5C30470A25C157C800BAFEEF /* TextField Extension.swift */; };
		5C30472425C2A51E00BAFEEF /* SetResultView.swift in Sources */ = {isa = PBXBuildFile; fileRef = 5C30472325C2A51E00BAFEEF /* SetResultView.swift */; };
		5C30472925C2DC5C00BAFEEF /* EnableLocationCell.swift in Sources */ = {isa = PBXBuildFile; fileRef = 5C30472825C2DC5C00BAFEEF /* EnableLocationCell.swift */; };
		5C40C263256D819900444BCA /* RecyclingLayers.swift in Sources */ = {isa = PBXBuildFile; fileRef = 5C40C262256D819900444BCA /* RecyclingLayers.swift */; };
		5C44873F258A5AF200474BFF /* CategoryNameCell.swift in Sources */ = {isa = PBXBuildFile; fileRef = 5C44873E258A5AF200474BFF /* CategoryNameCell.swift */; };
		5C448744258B8ED000474BFF /* UserProfileController.swift in Sources */ = {isa = PBXBuildFile; fileRef = 5C448743258B8ED000474BFF /* UserProfileController.swift */; };
		5C454E2A25B57B2000966991 /* OnboardingController.swift in Sources */ = {isa = PBXBuildFile; fileRef = 5C454E2925B57B2000966991 /* OnboardingController.swift */; };
		5C45914D254D55C0005AE26C /* AppDelegate.swift in Sources */ = {isa = PBXBuildFile; fileRef = 5C45914C254D55C0005AE26C /* AppDelegate.swift */; };
		5C45914F254D55C0005AE26C /* SceneDelegate.swift in Sources */ = {isa = PBXBuildFile; fileRef = 5C45914E254D55C0005AE26C /* SceneDelegate.swift */; };
		5C459154254D55C0005AE26C /* Main.storyboard in Resources */ = {isa = PBXBuildFile; fileRef = 5C459152254D55C0005AE26C /* Main.storyboard */; };
		5C459159254D55C1005AE26C /* LaunchScreen.storyboard in Resources */ = {isa = PBXBuildFile; fileRef = 5C459157254D55C1005AE26C /* LaunchScreen.storyboard */; };
		5C459164254D55C2005AE26C /* GreenerCoTests.swift in Sources */ = {isa = PBXBuildFile; fileRef = 5C459163254D55C2005AE26C /* GreenerCoTests.swift */; };
		5C45916F254D55C2005AE26C /* GreenerCoUITests.swift in Sources */ = {isa = PBXBuildFile; fileRef = 5C45916E254D55C2005AE26C /* GreenerCoUITests.swift */; };
		5C45917E254D59D3005AE26C /* RecyclingController.swift in Sources */ = {isa = PBXBuildFile; fileRef = 5C45917D254D59D3005AE26C /* RecyclingController.swift */; };
		5C513FD72554845A00C1B851 /* StatsView.swift in Sources */ = {isa = PBXBuildFile; fileRef = 5C513FD62554845A00C1B851 /* StatsView.swift */; };
		5C54953E2558251A00E5140C /* AchieveController.swift in Sources */ = {isa = PBXBuildFile; fileRef = 5C54953D2558251A00E5140C /* AchieveController.swift */; };
		5C5495442558253900E5140C /* AchieveCell.swift in Sources */ = {isa = PBXBuildFile; fileRef = 5C5495432558253900E5140C /* AchieveCell.swift */; };
		5C54954C255857FB00E5140C /* TopViewCell.swift in Sources */ = {isa = PBXBuildFile; fileRef = 5C54954B255857FB00E5140C /* TopViewCell.swift */; };
		5C5D03E925B1A71F0011AB9D /* InfoView.swift in Sources */ = {isa = PBXBuildFile; fileRef = 5C5D03E825B1A71F0011AB9D /* InfoView.swift */; };
		5C5D03EE25B2B09F0011AB9D /* GoogleService-Info.plist in Resources */ = {isa = PBXBuildFile; fileRef = 5C5D03ED25B2B09F0011AB9D /* GoogleService-Info.plist */; };
		5C6C2B022581477B00B653AD /* MessageCell.swift in Sources */ = {isa = PBXBuildFile; fileRef = 5C6C2B012581477B00B653AD /* MessageCell.swift */; };
		5C6C89F025AF41F400D55A16 /* ButtonView.swift in Sources */ = {isa = PBXBuildFile; fileRef = 5C6C89EF25AF41F400D55A16 /* ButtonView.swift */; };
		5C82772B2556C02E00816D85 /* StatsCell.swift in Sources */ = {isa = PBXBuildFile; fileRef = 5C82772A2556C02E00816D85 /* StatsCell.swift */; };
		5C83A053255EB3CC005C2CAA /* Assets.xcassets in Resources */ = {isa = PBXBuildFile; fileRef = 5C83A052255EB3CC005C2CAA /* Assets.xcassets */; };
		5C83A05C255F9796005C2CAA /* SF-Pro-Italic.ttf in Resources */ = {isa = PBXBuildFile; fileRef = 5C83A058255F959F005C2CAA /* SF-Pro-Italic.ttf */; };
		5C83A060255F979A005C2CAA /* SF-Pro.ttf in Resources */ = {isa = PBXBuildFile; fileRef = 5C83A057255F959F005C2CAA /* SF-Pro.ttf */; };
		5C83A07A2563AC58005C2CAA /* Main Constants.swift in Sources */ = {isa = PBXBuildFile; fileRef = 5C83A0792563AC58005C2CAA /* Main Constants.swift */; };
		5CB6A22A25C3D4A900EC4B3A /* ViewController Extension.swift in Sources */ = {isa = PBXBuildFile; fileRef = 5CB6A22925C3D4A900EC4B3A /* ViewController Extension.swift */; };
		5CB6A22F25C40D6200EC4B3A /* ImageView Extension.swift in Sources */ = {isa = PBXBuildFile; fileRef = 5CB6A22E25C40D6200EC4B3A /* ImageView Extension.swift */; };
		5CB6A23425C4638900EC4B3A /* EmptyMeetingsCell.swift in Sources */ = {isa = PBXBuildFile; fileRef = 5CB6A23325C4638900EC4B3A /* EmptyMeetingsCell.swift */; };
		5CBB5102257D12160097F4BD /* MeetingViewController.swift in Sources */ = {isa = PBXBuildFile; fileRef = 5CBB5101257D12160097F4BD /* MeetingViewController.swift */; };
		5CC26A9C25CBF27F000501AD /* ItemView.swift in Sources */ = {isa = PBXBuildFile; fileRef = 5CC26A9B25CBF27F000501AD /* ItemView.swift */; };
		5CC26AA125CD193B000501AD /* MainTabBarController.swift in Sources */ = {isa = PBXBuildFile; fileRef = 5CC26AA025CD193B000501AD /* MainTabBarController.swift */; };
		5CC2DDCE2590A9D7009E9C73 /* SettingsController.swift in Sources */ = {isa = PBXBuildFile; fileRef = 5CC2DDCD2590A9D7009E9C73 /* SettingsController.swift */; };
		5CC2DDD32590D13E009E9C73 /* SettingsCell.swift in Sources */ = {isa = PBXBuildFile; fileRef = 5CC2DDD22590D13E009E9C73 /* SettingsCell.swift */; };
		5CC2DDFD259866C9009E9C73 /* CompletePlusView.swift in Sources */ = {isa = PBXBuildFile; fileRef = 5CC2DDFC259866C8009E9C73 /* CompletePlusView.swift */; };
		5CE7217225A07E0700ECE84F /* RegularTopView.swift in Sources */ = {isa = PBXBuildFile; fileRef = 5CE7217125A07E0700ECE84F /* RegularTopView.swift */; };
		5CE7217A25A2002F00ECE84F /* CustomPickerOpenView.swift in Sources */ = {isa = PBXBuildFile; fileRef = 5CE7217925A2002F00ECE84F /* CustomPickerOpenView.swift */; };
		5CE7218525A2047500ECE84F /* ProgressImageView.swift in Sources */ = {isa = PBXBuildFile; fileRef = 5CE7218425A2047500ECE84F /* ProgressImageView.swift */; };
		5CF2E63E255D944400B4EFE3 /* MeetingsController.swift in Sources */ = {isa = PBXBuildFile; fileRef = 5CF2E63D255D944400B4EFE3 /* MeetingsController.swift */; };
		5CF2E64A255D946600B4EFE3 /* MeetingCell.swift in Sources */ = {isa = PBXBuildFile; fileRef = 5CF2E649255D946600B4EFE3 /* MeetingCell.swift */; };
		5CF84BDF254DCB1200CABEB6 /* AddItemView.swift in Sources */ = {isa = PBXBuildFile; fileRef = 5CF84BDE254DCB1200CABEB6 /* AddItemView.swift */; };
		5CFA1A3B25C99BD200587EC5 /* Defaults.swift in Sources */ = {isa = PBXBuildFile; fileRef = 5CFA1A3A25C99BD200587EC5 /* Defaults.swift */; };
		5CFB622E259A447200F1C8C7 /* AddMeetingController.swift in Sources */ = {isa = PBXBuildFile; fileRef = 5CFB622D259A447200F1C8C7 /* AddMeetingController.swift */; };
		5CFB6239259A4DB100F1C8C7 /* AddOtherCell.swift in Sources */ = {isa = PBXBuildFile; fileRef = 5CFB6238259A4DB100F1C8C7 /* AddOtherCell.swift */; };
		5CFB623E259B246800F1C8C7 /* AddMapCell.swift in Sources */ = {isa = PBXBuildFile; fileRef = 5CFB623D259B246800F1C8C7 /* AddMapCell.swift */; };
		5CFB6246259B415100F1C8C7 /* TopProgressView.swift in Sources */ = {isa = PBXBuildFile; fileRef = 5CFB6245259B415100F1C8C7 /* TopProgressView.swift */; };
		5CFB624B259B92E800F1C8C7 /* HeadersViews.swift in Sources */ = {isa = PBXBuildFile; fileRef = 5CFB624A259B92E800F1C8C7 /* HeadersViews.swift */; };
		5CFB6255259C8B0900F1C8C7 /* PopUpController.swift in Sources */ = {isa = PBXBuildFile; fileRef = 5CFB6254259C8B0900F1C8C7 /* PopUpController.swift */; };
		5CFC3A0B2550702900068A69 /* CustomAddCell.swift in Sources */ = {isa = PBXBuildFile; fileRef = 5CFC3A0A2550702900068A69 /* CustomAddCell.swift */; };
		5CFC3A0D2550703F00068A69 /* CustomAddView.swift in Sources */ = {isa = PBXBuildFile; fileRef = 5CFC3A0C2550703F00068A69 /* CustomAddView.swift */; };
		E26B3F4A99CFE321EA651C1A /* Pods_GreenerCo_GreenerCoUITests.framework in Frameworks */ = {isa = PBXBuildFile; fileRef = 69BA77C147573C3DA8314ED8 /* Pods_GreenerCo_GreenerCoUITests.framework */; };
		F140B5E85E039275630BEB57 /* Pods_GreenerCoTests.framework in Frameworks */ = {isa = PBXBuildFile; fileRef = 68EA8DBBCF4096B2762516B4 /* Pods_GreenerCoTests.framework */; };
/* End PBXBuildFile section */

/* Begin PBXContainerItemProxy section */
		5C459160254D55C2005AE26C /* PBXContainerItemProxy */ = {
			isa = PBXContainerItemProxy;
			containerPortal = 5C459141254D55C0005AE26C /* Project object */;
			proxyType = 1;
			remoteGlobalIDString = 5C459148254D55C0005AE26C;
			remoteInfo = GreenerCo;
		};
		5C45916B254D55C2005AE26C /* PBXContainerItemProxy */ = {
			isa = PBXContainerItemProxy;
			containerPortal = 5C459141254D55C0005AE26C /* Project object */;
			proxyType = 1;
			remoteGlobalIDString = 5C459148254D55C0005AE26C;
			remoteInfo = GreenerCo;
		};
/* End PBXContainerItemProxy section */

/* Begin PBXFileReference section */
		20BE5A996083BF5184D1B21E /* Pods-GreenerCo-GreenerCoUITests.release.xcconfig */ = {isa = PBXFileReference; includeInIndex = 1; lastKnownFileType = text.xcconfig; name = "Pods-GreenerCo-GreenerCoUITests.release.xcconfig"; path = "Target Support Files/Pods-GreenerCo-GreenerCoUITests/Pods-GreenerCo-GreenerCoUITests.release.xcconfig"; sourceTree = "<group>"; };
		36440B5B66055C3B1C989B6F /* Pods-GreenerCoTests.release.xcconfig */ = {isa = PBXFileReference; includeInIndex = 1; lastKnownFileType = text.xcconfig; name = "Pods-GreenerCoTests.release.xcconfig"; path = "Target Support Files/Pods-GreenerCoTests/Pods-GreenerCoTests.release.xcconfig"; sourceTree = "<group>"; };
		369613D9E8EBE94D8A384C3D /* Pods-GreenerCo.release.xcconfig */ = {isa = PBXFileReference; includeInIndex = 1; lastKnownFileType = text.xcconfig; name = "Pods-GreenerCo.release.xcconfig"; path = "Target Support Files/Pods-GreenerCo/Pods-GreenerCo.release.xcconfig"; sourceTree = "<group>"; };
		5C045BD525BAE80B00E42843 /* BottomLogInView.swift */ = {isa = PBXFileReference; lastKnownFileType = sourcecode.swift; path = BottomLogInView.swift; sourceTree = "<group>"; };
		5C045BDE25BB0EF100E42843 /* OnboardCell.swift */ = {isa = PBXFileReference; lastKnownFileType = sourcecode.swift; path = OnboardCell.swift; sourceTree = "<group>"; };
		5C045BE725BC77B200E42843 /* Server.swift */ = {isa = PBXFileReference; lastKnownFileType = sourcecode.swift; path = Server.swift; sourceTree = "<group>"; };
		5C045BF625BFE25300E42843 /* Dictionary Extension.swift */ = {isa = PBXFileReference; lastKnownFileType = sourcecode.swift; path = "Dictionary Extension.swift"; sourceTree = "<group>"; };
		5C0F7E3225AC6B20000C4312 /* AboutUsController.swift */ = {isa = PBXFileReference; lastKnownFileType = sourcecode.swift; path = AboutUsController.swift; sourceTree = "<group>"; };
		5C12A73E2554520500A59D8E /* StatsController.swift */ = {isa = PBXFileReference; lastKnownFileType = sourcecode.swift; path = StatsController.swift; sourceTree = "<group>"; };
		5C1C5E0325A6064C000DC5EC /* BarView.swift */ = {isa = PBXFileReference; lastKnownFileType = sourcecode.swift; path = BarView.swift; sourceTree = "<group>"; };
		5C1D01F9255C26610058D276 /* ShowAchieveController.swift */ = {isa = PBXFileReference; lastKnownFileType = sourcecode.swift; path = ShowAchieveController.swift; sourceTree = "<group>"; };
		5C1D11C325C6B7F2007C8DBC /* Date Extension.swift */ = {isa = PBXFileReference; lastKnownFileType = sourcecode.swift; path = "Date Extension.swift"; sourceTree = "<group>"; };
		5C1D11C825C7259B007C8DBC /* ServerMaterials.swift */ = {isa = PBXFileReference; lastKnownFileType = sourcecode.swift; path = ServerMaterials.swift; sourceTree = "<group>"; };
		5C22533425B1638800E73D0A /* BackTopView.swift */ = {isa = PBXFileReference; lastKnownFileType = sourcecode.swift; path = BackTopView.swift; sourceTree = "<group>"; };
		5C22533925B1690F00E73D0A /* ThreeImagesView.swift */ = {isa = PBXFileReference; lastKnownFileType = sourcecode.swift; path = ThreeImagesView.swift; sourceTree = "<group>"; };
		5C2E36B425D40CC500F92588 /* LogInController.swift */ = {isa = PBXFileReference; lastKnownFileType = sourcecode.swift; path = LogInController.swift; sourceTree = "<group>"; };
		5C3046D925C02CA000BAFEEF /* View Extension.swift */ = {isa = PBXFileReference; lastKnownFileType = sourcecode.swift; path = "View Extension.swift"; sourceTree = "<group>"; };
		5C3046DE25C06A3100BAFEEF /* GreenerCo.entitlements */ = {isa = PBXFileReference; lastKnownFileType = text.plist.entitlements; path = GreenerCo.entitlements; sourceTree = "<group>"; };
		5C3046E425C13B8E00BAFEEF /* RegistrationController.swift */ = {isa = PBXFileReference; lastKnownFileType = sourcecode.swift; path = RegistrationController.swift; sourceTree = "<group>"; };
		5C3046ED25C13D9800BAFEEF /* TextFieldCell.swift */ = {isa = PBXFileReference; lastKnownFileType = sourcecode.swift; path = TextFieldCell.swift; sourceTree = "<group>"; };
		5C3046F525C13DAC00BAFEEF /* AddPhotoCell.swift */ = {isa = PBXFileReference; lastKnownFileType = sourcecode.swift; path = AddPhotoCell.swift; sourceTree = "<group>"; };
		5C3046FB25C13DC100BAFEEF /* AddGoalCell.swift */ = {isa = PBXFileReference; lastKnownFileType = sourcecode.swift; path = AddGoalCell.swift; sourceTree = "<group>"; };
		5C30470025C140E100BAFEEF /* Label Extension.swift */ = {isa = PBXFileReference; lastKnownFileType = sourcecode.swift; path = "Label Extension.swift"; sourceTree = "<group>"; };
		5C30470525C1447D00BAFEEF /* TextView Extension.swift */ = {isa = PBXFileReference; lastKnownFileType = sourcecode.swift; path = "TextView Extension.swift"; sourceTree = "<group>"; };
		5C30470A25C157C800BAFEEF /* TextField Extension.swift */ = {isa = PBXFileReference; lastKnownFileType = sourcecode.swift; path = "TextField Extension.swift"; sourceTree = "<group>"; };
		5C30472325C2A51E00BAFEEF /* SetResultView.swift */ = {isa = PBXFileReference; lastKnownFileType = sourcecode.swift; path = SetResultView.swift; sourceTree = "<group>"; };
		5C30472825C2DC5C00BAFEEF /* EnableLocationCell.swift */ = {isa = PBXFileReference; lastKnownFileType = sourcecode.swift; path = EnableLocationCell.swift; sourceTree = "<group>"; };
		5C40C262256D819900444BCA /* RecyclingLayers.swift */ = {isa = PBXFileReference; lastKnownFileType = sourcecode.swift; path = RecyclingLayers.swift; sourceTree = "<group>"; };
		5C44873E258A5AF200474BFF /* CategoryNameCell.swift */ = {isa = PBXFileReference; lastKnownFileType = sourcecode.swift; path = CategoryNameCell.swift; sourceTree = "<group>"; };
		5C448743258B8ED000474BFF /* UserProfileController.swift */ = {isa = PBXFileReference; lastKnownFileType = sourcecode.swift; path = UserProfileController.swift; sourceTree = "<group>"; };
		5C454E2925B57B2000966991 /* OnboardingController.swift */ = {isa = PBXFileReference; lastKnownFileType = sourcecode.swift; path = OnboardingController.swift; sourceTree = "<group>"; };
		5C459149254D55C0005AE26C /* GreenerCo.app */ = {isa = PBXFileReference; explicitFileType = wrapper.application; includeInIndex = 0; path = GreenerCo.app; sourceTree = BUILT_PRODUCTS_DIR; };
		5C45914C254D55C0005AE26C /* AppDelegate.swift */ = {isa = PBXFileReference; lastKnownFileType = sourcecode.swift; path = AppDelegate.swift; sourceTree = "<group>"; };
		5C45914E254D55C0005AE26C /* SceneDelegate.swift */ = {isa = PBXFileReference; lastKnownFileType = sourcecode.swift; path = SceneDelegate.swift; sourceTree = "<group>"; };
		5C459153254D55C0005AE26C /* Base */ = {isa = PBXFileReference; lastKnownFileType = file.storyboard; name = Base; path = Base.lproj/Main.storyboard; sourceTree = "<group>"; };
		5C459158254D55C1005AE26C /* Base */ = {isa = PBXFileReference; lastKnownFileType = file.storyboard; name = Base; path = Base.lproj/LaunchScreen.storyboard; sourceTree = "<group>"; };
		5C45915A254D55C1005AE26C /* Info.plist */ = {isa = PBXFileReference; lastKnownFileType = text.plist.xml; path = Info.plist; sourceTree = "<group>"; };
		5C45915F254D55C2005AE26C /* GreenerCoTests.xctest */ = {isa = PBXFileReference; explicitFileType = wrapper.cfbundle; includeInIndex = 0; path = GreenerCoTests.xctest; sourceTree = BUILT_PRODUCTS_DIR; };
		5C459163254D55C2005AE26C /* GreenerCoTests.swift */ = {isa = PBXFileReference; lastKnownFileType = sourcecode.swift; path = GreenerCoTests.swift; sourceTree = "<group>"; };
		5C459165254D55C2005AE26C /* Info.plist */ = {isa = PBXFileReference; lastKnownFileType = text.plist.xml; path = Info.plist; sourceTree = "<group>"; };
		5C45916A254D55C2005AE26C /* GreenerCoUITests.xctest */ = {isa = PBXFileReference; explicitFileType = wrapper.cfbundle; includeInIndex = 0; path = GreenerCoUITests.xctest; sourceTree = BUILT_PRODUCTS_DIR; };
		5C45916E254D55C2005AE26C /* GreenerCoUITests.swift */ = {isa = PBXFileReference; lastKnownFileType = sourcecode.swift; path = GreenerCoUITests.swift; sourceTree = "<group>"; };
		5C459170254D55C2005AE26C /* Info.plist */ = {isa = PBXFileReference; lastKnownFileType = text.plist.xml; path = Info.plist; sourceTree = "<group>"; };
		5C45917D254D59D3005AE26C /* RecyclingController.swift */ = {isa = PBXFileReference; lastKnownFileType = sourcecode.swift; path = RecyclingController.swift; sourceTree = "<group>"; };
		5C513FD62554845A00C1B851 /* StatsView.swift */ = {isa = PBXFileReference; lastKnownFileType = sourcecode.swift; path = StatsView.swift; sourceTree = "<group>"; };
		5C54953D2558251A00E5140C /* AchieveController.swift */ = {isa = PBXFileReference; lastKnownFileType = sourcecode.swift; path = AchieveController.swift; sourceTree = "<group>"; };
		5C5495432558253900E5140C /* AchieveCell.swift */ = {isa = PBXFileReference; lastKnownFileType = sourcecode.swift; path = AchieveCell.swift; sourceTree = "<group>"; };
		5C54954B255857FB00E5140C /* TopViewCell.swift */ = {isa = PBXFileReference; lastKnownFileType = sourcecode.swift; path = TopViewCell.swift; sourceTree = "<group>"; };
		5C5D03E825B1A71F0011AB9D /* InfoView.swift */ = {isa = PBXFileReference; lastKnownFileType = sourcecode.swift; path = InfoView.swift; sourceTree = "<group>"; };
		5C5D03ED25B2B09F0011AB9D /* GoogleService-Info.plist */ = {isa = PBXFileReference; lastKnownFileType = text.plist; path = "GoogleService-Info.plist"; sourceTree = SOURCE_ROOT; };
		5C6C2B012581477B00B653AD /* MessageCell.swift */ = {isa = PBXFileReference; lastKnownFileType = sourcecode.swift; path = MessageCell.swift; sourceTree = "<group>"; };
		5C6C89EF25AF41F400D55A16 /* ButtonView.swift */ = {isa = PBXFileReference; lastKnownFileType = sourcecode.swift; path = ButtonView.swift; sourceTree = "<group>"; };
		5C82772A2556C02E00816D85 /* StatsCell.swift */ = {isa = PBXFileReference; lastKnownFileType = sourcecode.swift; path = StatsCell.swift; sourceTree = "<group>"; };
		5C83A052255EB3CC005C2CAA /* Assets.xcassets */ = {isa = PBXFileReference; lastKnownFileType = folder.assetcatalog; path = Assets.xcassets; sourceTree = "<group>"; };
		5C83A057255F959F005C2CAA /* SF-Pro.ttf */ = {isa = PBXFileReference; lastKnownFileType = file; name = "SF-Pro.ttf"; path = "../../../../../../Library/Fonts/SF-Pro.ttf"; sourceTree = "<group>"; };
		5C83A058255F959F005C2CAA /* SF-Pro-Italic.ttf */ = {isa = PBXFileReference; lastKnownFileType = file; name = "SF-Pro-Italic.ttf"; path = "../../../../../../Library/Fonts/SF-Pro-Italic.ttf"; sourceTree = "<group>"; };
		5C83A0792563AC58005C2CAA /* Main Constants.swift */ = {isa = PBXFileReference; lastKnownFileType = sourcecode.swift; path = "Main Constants.swift"; sourceTree = "<group>"; };
		5CB6A22925C3D4A900EC4B3A /* ViewController Extension.swift */ = {isa = PBXFileReference; lastKnownFileType = sourcecode.swift; path = "ViewController Extension.swift"; sourceTree = "<group>"; };
		5CB6A22E25C40D6200EC4B3A /* ImageView Extension.swift */ = {isa = PBXFileReference; lastKnownFileType = sourcecode.swift; path = "ImageView Extension.swift"; sourceTree = "<group>"; };
		5CB6A23325C4638900EC4B3A /* EmptyMeetingsCell.swift */ = {isa = PBXFileReference; lastKnownFileType = sourcecode.swift; path = EmptyMeetingsCell.swift; sourceTree = "<group>"; };
		5CBB5101257D12160097F4BD /* MeetingViewController.swift */ = {isa = PBXFileReference; lastKnownFileType = sourcecode.swift; path = MeetingViewController.swift; sourceTree = "<group>"; };
		5CC26A9B25CBF27F000501AD /* ItemView.swift */ = {isa = PBXFileReference; lastKnownFileType = sourcecode.swift; path = ItemView.swift; sourceTree = "<group>"; };
		5CC26AA025CD193B000501AD /* MainTabBarController.swift */ = {isa = PBXFileReference; lastKnownFileType = sourcecode.swift; path = MainTabBarController.swift; sourceTree = "<group>"; };
		5CC2DDCD2590A9D7009E9C73 /* SettingsController.swift */ = {isa = PBXFileReference; lastKnownFileType = sourcecode.swift; path = SettingsController.swift; sourceTree = "<group>"; };
		5CC2DDD22590D13E009E9C73 /* SettingsCell.swift */ = {isa = PBXFileReference; lastKnownFileType = sourcecode.swift; path = SettingsCell.swift; sourceTree = "<group>"; };
		5CC2DDFC259866C8009E9C73 /* CompletePlusView.swift */ = {isa = PBXFileReference; lastKnownFileType = sourcecode.swift; path = CompletePlusView.swift; sourceTree = "<group>"; };
		5CE7217125A07E0700ECE84F /* RegularTopView.swift */ = {isa = PBXFileReference; lastKnownFileType = sourcecode.swift; path = RegularTopView.swift; sourceTree = "<group>"; };
		5CE7217925A2002F00ECE84F /* CustomPickerOpenView.swift */ = {isa = PBXFileReference; lastKnownFileType = sourcecode.swift; path = CustomPickerOpenView.swift; sourceTree = "<group>"; };
		5CE7218425A2047500ECE84F /* ProgressImageView.swift */ = {isa = PBXFileReference; lastKnownFileType = sourcecode.swift; path = ProgressImageView.swift; sourceTree = "<group>"; };
		5CF2E63D255D944400B4EFE3 /* MeetingsController.swift */ = {isa = PBXFileReference; lastKnownFileType = sourcecode.swift; path = MeetingsController.swift; sourceTree = "<group>"; };
		5CF2E649255D946600B4EFE3 /* MeetingCell.swift */ = {isa = PBXFileReference; lastKnownFileType = sourcecode.swift; path = MeetingCell.swift; sourceTree = "<group>"; };
		5CF84BDE254DCB1200CABEB6 /* AddItemView.swift */ = {isa = PBXFileReference; lastKnownFileType = sourcecode.swift; path = AddItemView.swift; sourceTree = "<group>"; };
		5CFA1A3A25C99BD200587EC5 /* Defaults.swift */ = {isa = PBXFileReference; lastKnownFileType = sourcecode.swift; path = Defaults.swift; sourceTree = "<group>"; };
		5CFB622D259A447200F1C8C7 /* AddMeetingController.swift */ = {isa = PBXFileReference; lastKnownFileType = sourcecode.swift; path = AddMeetingController.swift; sourceTree = "<group>"; };
		5CFB6238259A4DB100F1C8C7 /* AddOtherCell.swift */ = {isa = PBXFileReference; lastKnownFileType = sourcecode.swift; path = AddOtherCell.swift; sourceTree = "<group>"; };
		5CFB623D259B246800F1C8C7 /* AddMapCell.swift */ = {isa = PBXFileReference; lastKnownFileType = sourcecode.swift; path = AddMapCell.swift; sourceTree = "<group>"; };
		5CFB6245259B415100F1C8C7 /* TopProgressView.swift */ = {isa = PBXFileReference; lastKnownFileType = sourcecode.swift; path = TopProgressView.swift; sourceTree = "<group>"; };
		5CFB624A259B92E800F1C8C7 /* HeadersViews.swift */ = {isa = PBXFileReference; lastKnownFileType = sourcecode.swift; path = HeadersViews.swift; sourceTree = "<group>"; };
		5CFB6254259C8B0900F1C8C7 /* PopUpController.swift */ = {isa = PBXFileReference; lastKnownFileType = sourcecode.swift; path = PopUpController.swift; sourceTree = "<group>"; };
		5CFC3A0A2550702900068A69 /* CustomAddCell.swift */ = {isa = PBXFileReference; lastKnownFileType = sourcecode.swift; path = CustomAddCell.swift; sourceTree = "<group>"; };
		5CFC3A0C2550703F00068A69 /* CustomAddView.swift */ = {isa = PBXFileReference; lastKnownFileType = sourcecode.swift; path = CustomAddView.swift; sourceTree = "<group>"; };
		5EA81E754BBF18068B0403A7 /* Pods-GreenerCo.debug.xcconfig */ = {isa = PBXFileReference; includeInIndex = 1; lastKnownFileType = text.xcconfig; name = "Pods-GreenerCo.debug.xcconfig"; path = "Target Support Files/Pods-GreenerCo/Pods-GreenerCo.debug.xcconfig"; sourceTree = "<group>"; };
		68EA8DBBCF4096B2762516B4 /* Pods_GreenerCoTests.framework */ = {isa = PBXFileReference; explicitFileType = wrapper.framework; includeInIndex = 0; path = Pods_GreenerCoTests.framework; sourceTree = BUILT_PRODUCTS_DIR; };
		69BA77C147573C3DA8314ED8 /* Pods_GreenerCo_GreenerCoUITests.framework */ = {isa = PBXFileReference; explicitFileType = wrapper.framework; includeInIndex = 0; path = Pods_GreenerCo_GreenerCoUITests.framework; sourceTree = BUILT_PRODUCTS_DIR; };
		8C45DF21015CA2802C08D49C /* Pods-GreenerCo-GreenerCoUITests.debug.xcconfig */ = {isa = PBXFileReference; includeInIndex = 1; lastKnownFileType = text.xcconfig; name = "Pods-GreenerCo-GreenerCoUITests.debug.xcconfig"; path = "Target Support Files/Pods-GreenerCo-GreenerCoUITests/Pods-GreenerCo-GreenerCoUITests.debug.xcconfig"; sourceTree = "<group>"; };
		AE30A6D69A87A207719A5E78 /* Pods_GreenerCo.framework */ = {isa = PBXFileReference; explicitFileType = wrapper.framework; includeInIndex = 0; path = Pods_GreenerCo.framework; sourceTree = BUILT_PRODUCTS_DIR; };
		E39102D817F7972B7D70511E /* Pods-GreenerCoTests.debug.xcconfig */ = {isa = PBXFileReference; includeInIndex = 1; lastKnownFileType = text.xcconfig; name = "Pods-GreenerCoTests.debug.xcconfig"; path = "Target Support Files/Pods-GreenerCoTests/Pods-GreenerCoTests.debug.xcconfig"; sourceTree = "<group>"; };
/* End PBXFileReference section */

/* Begin PBXFrameworksBuildPhase section */
		5C459146254D55C0005AE26C /* Frameworks */ = {
			isa = PBXFrameworksBuildPhase;
			buildActionMask = 2147483647;
			files = (
				23D2F7A9114228755D725C77 /* Pods_GreenerCo.framework in Frameworks */,
			);
			runOnlyForDeploymentPostprocessing = 0;
		};
		5C45915C254D55C2005AE26C /* Frameworks */ = {
			isa = PBXFrameworksBuildPhase;
			buildActionMask = 2147483647;
			files = (
				F140B5E85E039275630BEB57 /* Pods_GreenerCoTests.framework in Frameworks */,
			);
			runOnlyForDeploymentPostprocessing = 0;
		};
		5C459167254D55C2005AE26C /* Frameworks */ = {
			isa = PBXFrameworksBuildPhase;
			buildActionMask = 2147483647;
			files = (
				E26B3F4A99CFE321EA651C1A /* Pods_GreenerCo_GreenerCoUITests.framework in Frameworks */,
			);
			runOnlyForDeploymentPostprocessing = 0;
		};
/* End PBXFrameworksBuildPhase section */

/* Begin PBXGroup section */
		5C045BD425BAE7ED00E42843 /* View */ = {
			isa = PBXGroup;
			children = (
				5C045BD525BAE80B00E42843 /* BottomLogInView.swift */,
			);
			path = View;
			sourceTree = "<group>";
		};
		5C045BDD25BB0EC200E42843 /* Cell */ = {
			isa = PBXGroup;
			children = (
				5C045BDE25BB0EF100E42843 /* OnboardCell.swift */,
			);
			path = Cell;
			sourceTree = "<group>";
		};
		5C045BE625BC77A000E42843 /* Firebase */ = {
			isa = PBXGroup;
			children = (
				5C045BE725BC77B200E42843 /* Server.swift */,
				5C1D11C825C7259B007C8DBC /* ServerMaterials.swift */,
			);
			path = Firebase;
			sourceTree = "<group>";
		};
		5C045BF525BFE24600E42843 /* Extensions */ = {
			isa = PBXGroup;
			children = (
				5C045BF625BFE25300E42843 /* Dictionary Extension.swift */,
				5C3046D925C02CA000BAFEEF /* View Extension.swift */,
				5C30470025C140E100BAFEEF /* Label Extension.swift */,
				5C30470525C1447D00BAFEEF /* TextView Extension.swift */,
				5C30470A25C157C800BAFEEF /* TextField Extension.swift */,
				5CB6A22925C3D4A900EC4B3A /* ViewController Extension.swift */,
				5CB6A22E25C40D6200EC4B3A /* ImageView Extension.swift */,
				5C1D11C325C6B7F2007C8DBC /* Date Extension.swift */,
			);
			path = Extensions;
			sourceTree = "<group>";
		};
		5C2E36B325D40CA400F92588 /* LogIn Controller */ = {
			isa = PBXGroup;
			children = (
				5C2E36B425D40CC500F92588 /* LogInController.swift */,
			);
			path = "LogIn Controller";
			sourceTree = "<group>";
		};
		5C3046E225C13B3D00BAFEEF /* Registration */ = {
			isa = PBXGroup;
			children = (
				5C454E7025BAE55D00966991 /* Onboarding Controller */,
				5C3046E325C13B6C00BAFEEF /* Registration Controller */,
				5C2E36B325D40CA400F92588 /* LogIn Controller */,
			);
			path = Registration;
			sourceTree = "<group>";
		};
		5C3046E325C13B6C00BAFEEF /* Registration Controller */ = {
			isa = PBXGroup;
			children = (
				5C3046E425C13B8E00BAFEEF /* RegistrationController.swift */,
				5C3046EC25C13D7D00BAFEEF /* Cell */,
				5C30471F25C2A4F100BAFEEF /* View */,
			);
			path = "Registration Controller";
			sourceTree = "<group>";
		};
		5C3046EC25C13D7D00BAFEEF /* Cell */ = {
			isa = PBXGroup;
			children = (
				5C3046ED25C13D9800BAFEEF /* TextFieldCell.swift */,
				5C3046F525C13DAC00BAFEEF /* AddPhotoCell.swift */,
				5C30472825C2DC5C00BAFEEF /* EnableLocationCell.swift */,
				5C3046FB25C13DC100BAFEEF /* AddGoalCell.swift */,
			);
			path = Cell;
			sourceTree = "<group>";
		};
		5C30471F25C2A4F100BAFEEF /* View */ = {
			isa = PBXGroup;
			children = (
				5C30472325C2A51E00BAFEEF /* SetResultView.swift */,
			);
			path = View;
			sourceTree = "<group>";
		};
		5C454E5225BACF5B00966991 /* View Controllers */ = {
			isa = PBXGroup;
			children = (
				5CC26AC125CD22B4000501AD /* TabBar */,
				5C454E5325BACF7100966991 /* Four Main Controllers */,
				5C454E5C25BAD0EF00966991 /* Other Controllers */,
			);
			path = "View Controllers";
			sourceTree = "<group>";
		};
		5C454E5325BACF7100966991 /* Four Main Controllers */ = {
			isa = PBXGroup;
			children = (
				5C454E5525BACFD500966991 /* Recycling Controller */,
				5C454E5825BAD06200966991 /* Stats Controller */,
				5C454E5425BACFAA00966991 /* All Meetings Controller */,
				5C454E5B25BAD0B800966991 /* User Controller */,
			);
			path = "Four Main Controllers";
			sourceTree = "<group>";
		};
		5C454E5425BACFAA00966991 /* All Meetings Controller */ = {
			isa = PBXGroup;
			children = (
				5CF2E63D255D944400B4EFE3 /* MeetingsController.swift */,
			);
			path = "All Meetings Controller";
			sourceTree = "<group>";
		};
		5C454E5525BACFD500966991 /* Recycling Controller */ = {
			isa = PBXGroup;
			children = (
				5C45917D254D59D3005AE26C /* RecyclingController.swift */,
				5C40C262256D819900444BCA /* RecyclingLayers.swift */,
				5C454E5625BACFFE00966991 /* Cell */,
				5C454E5725BAD00400966991 /* View */,
			);
			path = "Recycling Controller";
			sourceTree = "<group>";
		};
		5C454E5625BACFFE00966991 /* Cell */ = {
			isa = PBXGroup;
			children = (
				5CFC3A0A2550702900068A69 /* CustomAddCell.swift */,
			);
			path = Cell;
			sourceTree = "<group>";
		};
		5C454E5725BAD00400966991 /* View */ = {
			isa = PBXGroup;
			children = (
				5CFC3A0C2550703F00068A69 /* CustomAddView.swift */,
				5CE7217925A2002F00ECE84F /* CustomPickerOpenView.swift */,
			);
			path = View;
			sourceTree = "<group>";
		};
		5C454E5825BAD06200966991 /* Stats Controller */ = {
			isa = PBXGroup;
			children = (
				5C12A73E2554520500A59D8E /* StatsController.swift */,
				5C454E5925BAD07A00966991 /* Cell */,
				5C454E5A25BAD08D00966991 /* View */,
			);
			path = "Stats Controller";
			sourceTree = "<group>";
		};
		5C454E5925BAD07A00966991 /* Cell */ = {
			isa = PBXGroup;
			children = (
				5C82772A2556C02E00816D85 /* StatsCell.swift */,
			);
			path = Cell;
			sourceTree = "<group>";
		};
		5C454E5A25BAD08D00966991 /* View */ = {
			isa = PBXGroup;
			children = (
				5C513FD62554845A00C1B851 /* StatsView.swift */,
				5C1C5E0325A6064C000DC5EC /* BarView.swift */,
			);
			path = View;
			sourceTree = "<group>";
		};
		5C454E5B25BAD0B800966991 /* User Controller */ = {
			isa = PBXGroup;
			children = (
				5C448743258B8ED000474BFF /* UserProfileController.swift */,
				5C454E6525BAD1B400966991 /* View */,
			);
			path = "User Controller";
			sourceTree = "<group>";
		};
		5C454E5C25BAD0EF00966991 /* Other Controllers */ = {
			isa = PBXGroup;
			children = (
				5C3046E225C13B3D00BAFEEF /* Registration */,
				5C454E6925BAD1DB00966991 /* Meeting Controller */,
				5C454E5E25BAD11500966991 /* Add New Meeting Controller */,
				5C454E6E25BAD38100966991 /* Achieve Controller */,
				5C454E6125BAD15500966991 /* Settings */,
				5CFB6254259C8B0900F1C8C7 /* PopUpController.swift */,
			);
			path = "Other Controllers";
			sourceTree = "<group>";
		};
		5C454E5D25BAD10300966991 /* About Us Controller */ = {
			isa = PBXGroup;
			children = (
				5C0F7E3225AC6B20000C4312 /* AboutUsController.swift */,
			);
			path = "About Us Controller";
			sourceTree = "<group>";
		};
		5C454E5E25BAD11500966991 /* Add New Meeting Controller */ = {
			isa = PBXGroup;
			children = (
				5CFB622D259A447200F1C8C7 /* AddMeetingController.swift */,
				5C454E5F25BAD12700966991 /* Cell */,
				5C454E6025BAD12C00966991 /* View */,
			);
			path = "Add New Meeting Controller";
			sourceTree = "<group>";
		};
		5C454E5F25BAD12700966991 /* Cell */ = {
			isa = PBXGroup;
			children = (
				5CFB623D259B246800F1C8C7 /* AddMapCell.swift */,
				5CFB6238259A4DB100F1C8C7 /* AddOtherCell.swift */,
			);
			path = Cell;
			sourceTree = "<group>";
		};
		5C454E6025BAD12C00966991 /* View */ = {
			isa = PBXGroup;
			children = (
				5CFB6245259B415100F1C8C7 /* TopProgressView.swift */,
			);
			path = View;
			sourceTree = "<group>";
		};
		5C454E6125BAD15500966991 /* Settings */ = {
			isa = PBXGroup;
			children = (
				5C454E6225BAD16800966991 /* Settings Controller */,
				5C454E5D25BAD10300966991 /* About Us Controller */,
			);
			path = Settings;
			sourceTree = "<group>";
		};
		5C454E6225BAD16800966991 /* Settings Controller */ = {
			isa = PBXGroup;
			children = (
				5CC2DDCD2590A9D7009E9C73 /* SettingsController.swift */,
				5C454E6325BAD17D00966991 /* Cell */,
				5C454E6425BAD18C00966991 /* View */,
			);
			path = "Settings Controller";
			sourceTree = "<group>";
		};
		5C454E6325BAD17D00966991 /* Cell */ = {
			isa = PBXGroup;
			children = (
				5CC2DDD22590D13E009E9C73 /* SettingsCell.swift */,
			);
			path = Cell;
			sourceTree = "<group>";
		};
		5C454E6425BAD18C00966991 /* View */ = {
			isa = PBXGroup;
			children = (
				5CFB624A259B92E800F1C8C7 /* HeadersViews.swift */,
			);
			path = View;
			sourceTree = "<group>";
		};
		5C454E6525BAD1B400966991 /* View */ = {
			isa = PBXGroup;
			children = (
				5C5D03E825B1A71F0011AB9D /* InfoView.swift */,
			);
			path = View;
			sourceTree = "<group>";
		};
		5C454E6925BAD1DB00966991 /* Meeting Controller */ = {
			isa = PBXGroup;
			children = (
				5CBB5101257D12160097F4BD /* MeetingViewController.swift */,
				5C454E6A25BAD1F200966991 /* Cell */,
				5C454E6B25BAD20300966991 /* View */,
			);
			path = "Meeting Controller";
			sourceTree = "<group>";
		};
		5C454E6A25BAD1F200966991 /* Cell */ = {
			isa = PBXGroup;
			children = (
				5C6C2B012581477B00B653AD /* MessageCell.swift */,
			);
			path = Cell;
			sourceTree = "<group>";
		};
		5C454E6B25BAD20300966991 /* View */ = {
			isa = PBXGroup;
			children = (
				5C22533925B1690F00E73D0A /* ThreeImagesView.swift */,
				5C22533425B1638800E73D0A /* BackTopView.swift */,
			);
			path = View;
			sourceTree = "<group>";
		};
		5C454E6C25BAD24600966991 /* General Views */ = {
			isa = PBXGroup;
			children = (
				5CE7218425A2047500ECE84F /* ProgressImageView.swift */,
				5C6C89EF25AF41F400D55A16 /* ButtonView.swift */,
				5CC2DDFC259866C8009E9C73 /* CompletePlusView.swift */,
				5CF84BDE254DCB1200CABEB6 /* AddItemView.swift */,
				5CE7217125A07E0700ECE84F /* RegularTopView.swift */,
				5CC26A9B25CBF27F000501AD /* ItemView.swift */,
			);
			path = "General Views";
			sourceTree = "<group>";
		};
		5C454E6D25BAD2F100966991 /* General Cells */ = {
			isa = PBXGroup;
			children = (
				5C54954B255857FB00E5140C /* TopViewCell.swift */,
				5CF2E649255D946600B4EFE3 /* MeetingCell.swift */,
				5CB6A23325C4638900EC4B3A /* EmptyMeetingsCell.swift */,
			);
			path = "General Cells";
			sourceTree = "<group>";
		};
		5C454E6E25BAD38100966991 /* Achieve Controller */ = {
			isa = PBXGroup;
			children = (
				5C54953D2558251A00E5140C /* AchieveController.swift */,
				5C1D01F9255C26610058D276 /* ShowAchieveController.swift */,
				5C5495422558252200E5140C /* Cell */,
			);
			path = "Achieve Controller";
			sourceTree = "<group>";
		};
		5C454E7025BAE55D00966991 /* Onboarding Controller */ = {
			isa = PBXGroup;
			children = (
				5C454E2925B57B2000966991 /* OnboardingController.swift */,
				5C045BDD25BB0EC200E42843 /* Cell */,
				5C045BD425BAE7ED00E42843 /* View */,
			);
			path = "Onboarding Controller";
			sourceTree = "<group>";
		};
		5C459140254D55C0005AE26C = {
			isa = PBXGroup;
			children = (
				5C45914B254D55C0005AE26C /* GreenerCo */,
				5C459162254D55C2005AE26C /* GreenerCoTests */,
				5C45916D254D55C2005AE26C /* GreenerCoUITests */,
				5C45914A254D55C0005AE26C /* Products */,
				A66B5904C9C59C041D7D734C /* Pods */,
				7516ABB4085A32D4427E527C /* Frameworks */,
			);
			sourceTree = "<group>";
		};
		5C45914A254D55C0005AE26C /* Products */ = {
			isa = PBXGroup;
			children = (
				5C459149254D55C0005AE26C /* GreenerCo.app */,
				5C45915F254D55C2005AE26C /* GreenerCoTests.xctest */,
				5C45916A254D55C2005AE26C /* GreenerCoUITests.xctest */,
			);
			name = Products;
			sourceTree = "<group>";
		};
		5C45914B254D55C0005AE26C /* GreenerCo */ = {
			isa = PBXGroup;
			children = (
				5C3046DE25C06A3100BAFEEF /* GreenerCo.entitlements */,
				5C459152254D55C0005AE26C /* Main.storyboard */,
				5C454E5225BACF5B00966991 /* View Controllers */,
				5C454E6C25BAD24600966991 /* General Views */,
				5C454E6D25BAD2F100966991 /* General Cells */,
				5CFA1A3925C99BBE00587EC5 /* User Defaults */,
				5C045BE625BC77A000E42843 /* Firebase */,
				5C045BF525BFE24600E42843 /* Extensions */,
				5C83A0792563AC58005C2CAA /* Main Constants.swift */,
				5C45914C254D55C0005AE26C /* AppDelegate.swift */,
				5C45914E254D55C0005AE26C /* SceneDelegate.swift */,
				5C83A052255EB3CC005C2CAA /* Assets.xcassets */,
				5C459157254D55C1005AE26C /* LaunchScreen.storyboard */,
				5C45915A254D55C1005AE26C /* Info.plist */,
				5C5D03ED25B2B09F0011AB9D /* GoogleService-Info.plist */,
				5C83A058255F959F005C2CAA /* SF-Pro-Italic.ttf */,
				5C83A057255F959F005C2CAA /* SF-Pro.ttf */,
			);
			path = GreenerCo;
			sourceTree = "<group>";
		};
		5C459162254D55C2005AE26C /* GreenerCoTests */ = {
			isa = PBXGroup;
			children = (
				5C459163254D55C2005AE26C /* GreenerCoTests.swift */,
				5C459165254D55C2005AE26C /* Info.plist */,
			);
			path = GreenerCoTests;
			sourceTree = "<group>";
		};
		5C45916D254D55C2005AE26C /* GreenerCoUITests */ = {
			isa = PBXGroup;
			children = (
				5C45916E254D55C2005AE26C /* GreenerCoUITests.swift */,
				5C459170254D55C2005AE26C /* Info.plist */,
			);
			path = GreenerCoUITests;
			sourceTree = "<group>";
		};
		5C5495422558252200E5140C /* Cell */ = {
			isa = PBXGroup;
			children = (
				5C5495432558253900E5140C /* AchieveCell.swift */,
				5C44873E258A5AF200474BFF /* CategoryNameCell.swift */,
			);
			path = Cell;
			sourceTree = "<group>";
		};
		5CC26AC125CD22B4000501AD /* TabBar */ = {
			isa = PBXGroup;
			children = (
				5CC26AA025CD193B000501AD /* MainTabBarController.swift */,
			);
			path = TabBar;
			sourceTree = "<group>";
		};
		5CFA1A3925C99BBE00587EC5 /* User Defaults */ = {
			isa = PBXGroup;
			children = (
				5CFA1A3A25C99BD200587EC5 /* Defaults.swift */,
			);
			path = "User Defaults";
			sourceTree = "<group>";
		};
		7516ABB4085A32D4427E527C /* Frameworks */ = {
			isa = PBXGroup;
			children = (
				AE30A6D69A87A207719A5E78 /* Pods_GreenerCo.framework */,
				69BA77C147573C3DA8314ED8 /* Pods_GreenerCo_GreenerCoUITests.framework */,
				68EA8DBBCF4096B2762516B4 /* Pods_GreenerCoTests.framework */,
			);
			name = Frameworks;
			sourceTree = "<group>";
		};
		A66B5904C9C59C041D7D734C /* Pods */ = {
			isa = PBXGroup;
			children = (
				5EA81E754BBF18068B0403A7 /* Pods-GreenerCo.debug.xcconfig */,
				369613D9E8EBE94D8A384C3D /* Pods-GreenerCo.release.xcconfig */,
				8C45DF21015CA2802C08D49C /* Pods-GreenerCo-GreenerCoUITests.debug.xcconfig */,
				20BE5A996083BF5184D1B21E /* Pods-GreenerCo-GreenerCoUITests.release.xcconfig */,
				E39102D817F7972B7D70511E /* Pods-GreenerCoTests.debug.xcconfig */,
				36440B5B66055C3B1C989B6F /* Pods-GreenerCoTests.release.xcconfig */,
			);
			path = Pods;
			sourceTree = "<group>";
		};
/* End PBXGroup section */

/* Begin PBXNativeTarget section */
		5C459148254D55C0005AE26C /* GreenerCo */ = {
			isa = PBXNativeTarget;
			buildConfigurationList = 5C459173254D55C2005AE26C /* Build configuration list for PBXNativeTarget "GreenerCo" */;
			buildPhases = (
				3B157E115840DD3BEB8265B3 /* [CP] Check Pods Manifest.lock */,
				5C459145254D55C0005AE26C /* Sources */,
				5C459146254D55C0005AE26C /* Frameworks */,
				5C459147254D55C0005AE26C /* Resources */,
				5F964796EAFF5CD6D22BEC57 /* [CP] Embed Pods Frameworks */,
			);
			buildRules = (
			);
			dependencies = (
			);
			name = GreenerCo;
			productName = GreenerCo;
			productReference = 5C459149254D55C0005AE26C /* GreenerCo.app */;
			productType = "com.apple.product-type.application";
		};
		5C45915E254D55C2005AE26C /* GreenerCoTests */ = {
			isa = PBXNativeTarget;
			buildConfigurationList = 5C459176254D55C2005AE26C /* Build configuration list for PBXNativeTarget "GreenerCoTests" */;
			buildPhases = (
				9D9BCD82C90B5F32D8943F72 /* [CP] Check Pods Manifest.lock */,
				5C45915B254D55C2005AE26C /* Sources */,
				5C45915C254D55C2005AE26C /* Frameworks */,
				5C45915D254D55C2005AE26C /* Resources */,
			);
			buildRules = (
			);
			dependencies = (
				5C459161254D55C2005AE26C /* PBXTargetDependency */,
			);
			name = GreenerCoTests;
			productName = GreenerCoTests;
			productReference = 5C45915F254D55C2005AE26C /* GreenerCoTests.xctest */;
			productType = "com.apple.product-type.bundle.unit-test";
		};
		5C459169254D55C2005AE26C /* GreenerCoUITests */ = {
			isa = PBXNativeTarget;
			buildConfigurationList = 5C459179254D55C2005AE26C /* Build configuration list for PBXNativeTarget "GreenerCoUITests" */;
			buildPhases = (
				0AD68789ECA13E2D27C324DD /* [CP] Check Pods Manifest.lock */,
				5C459166254D55C2005AE26C /* Sources */,
				5C459167254D55C2005AE26C /* Frameworks */,
				5C459168254D55C2005AE26C /* Resources */,
				F6D81FDE0422041322218C04 /* [CP] Embed Pods Frameworks */,
			);
			buildRules = (
			);
			dependencies = (
				5C45916C254D55C2005AE26C /* PBXTargetDependency */,
			);
			name = GreenerCoUITests;
			productName = GreenerCoUITests;
			productReference = 5C45916A254D55C2005AE26C /* GreenerCoUITests.xctest */;
			productType = "com.apple.product-type.bundle.ui-testing";
		};
/* End PBXNativeTarget section */

/* Begin PBXProject section */
		5C459141254D55C0005AE26C /* Project object */ = {
			isa = PBXProject;
			attributes = {
				LastSwiftUpdateCheck = 1200;
				LastUpgradeCheck = 1200;
				TargetAttributes = {
					5C459148254D55C0005AE26C = {
						CreatedOnToolsVersion = 12.0;
					};
					5C45915E254D55C2005AE26C = {
						CreatedOnToolsVersion = 12.0;
						TestTargetID = 5C459148254D55C0005AE26C;
					};
					5C459169254D55C2005AE26C = {
						CreatedOnToolsVersion = 12.0;
						TestTargetID = 5C459148254D55C0005AE26C;
					};
				};
			};
			buildConfigurationList = 5C459144254D55C0005AE26C /* Build configuration list for PBXProject "GreenerCo" */;
			compatibilityVersion = "Xcode 9.3";
			developmentRegion = en;
			hasScannedForEncodings = 0;
			knownRegions = (
				en,
				Base,
			);
			mainGroup = 5C459140254D55C0005AE26C;
			productRefGroup = 5C45914A254D55C0005AE26C /* Products */;
			projectDirPath = "";
			projectRoot = "";
			targets = (
				5C459148254D55C0005AE26C /* GreenerCo */,
				5C45915E254D55C2005AE26C /* GreenerCoTests */,
				5C459169254D55C2005AE26C /* GreenerCoUITests */,
			);
		};
/* End PBXProject section */

/* Begin PBXResourcesBuildPhase section */
		5C459147254D55C0005AE26C /* Resources */ = {
			isa = PBXResourcesBuildPhase;
			buildActionMask = 2147483647;
			files = (
				5C459159254D55C1005AE26C /* LaunchScreen.storyboard in Resources */,
				5C83A053255EB3CC005C2CAA /* Assets.xcassets in Resources */,
				5C459154254D55C0005AE26C /* Main.storyboard in Resources */,
				5C83A05C255F9796005C2CAA /* SF-Pro-Italic.ttf in Resources */,
				5C83A060255F979A005C2CAA /* SF-Pro.ttf in Resources */,
				5C5D03EE25B2B09F0011AB9D /* GoogleService-Info.plist in Resources */,
			);
			runOnlyForDeploymentPostprocessing = 0;
		};
		5C45915D254D55C2005AE26C /* Resources */ = {
			isa = PBXResourcesBuildPhase;
			buildActionMask = 2147483647;
			files = (
			);
			runOnlyForDeploymentPostprocessing = 0;
		};
		5C459168254D55C2005AE26C /* Resources */ = {
			isa = PBXResourcesBuildPhase;
			buildActionMask = 2147483647;
			files = (
			);
			runOnlyForDeploymentPostprocessing = 0;
		};
/* End PBXResourcesBuildPhase section */

/* Begin PBXShellScriptBuildPhase section */
		0AD68789ECA13E2D27C324DD /* [CP] Check Pods Manifest.lock */ = {
			isa = PBXShellScriptBuildPhase;
			buildActionMask = 2147483647;
			files = (
			);
			inputFileListPaths = (
			);
			inputPaths = (
				"${PODS_PODFILE_DIR_PATH}/Podfile.lock",
				"${PODS_ROOT}/Manifest.lock",
			);
			name = "[CP] Check Pods Manifest.lock";
			outputFileListPaths = (
			);
			outputPaths = (
				"$(DERIVED_FILE_DIR)/Pods-GreenerCo-GreenerCoUITests-checkManifestLockResult.txt",
			);
			runOnlyForDeploymentPostprocessing = 0;
			shellPath = /bin/sh;
			shellScript = "diff \"${PODS_PODFILE_DIR_PATH}/Podfile.lock\" \"${PODS_ROOT}/Manifest.lock\" > /dev/null\nif [ $? != 0 ] ; then\n    # print error to STDERR\n    echo \"error: The sandbox is not in sync with the Podfile.lock. Run 'pod install' or update your CocoaPods installation.\" >&2\n    exit 1\nfi\n# This output is used by Xcode 'outputs' to avoid re-running this script phase.\necho \"SUCCESS\" > \"${SCRIPT_OUTPUT_FILE_0}\"\n";
			showEnvVarsInLog = 0;
		};
		3B157E115840DD3BEB8265B3 /* [CP] Check Pods Manifest.lock */ = {
			isa = PBXShellScriptBuildPhase;
			buildActionMask = 2147483647;
			files = (
			);
			inputFileListPaths = (
			);
			inputPaths = (
				"${PODS_PODFILE_DIR_PATH}/Podfile.lock",
				"${PODS_ROOT}/Manifest.lock",
			);
			name = "[CP] Check Pods Manifest.lock";
			outputFileListPaths = (
			);
			outputPaths = (
				"$(DERIVED_FILE_DIR)/Pods-GreenerCo-checkManifestLockResult.txt",
			);
			runOnlyForDeploymentPostprocessing = 0;
			shellPath = /bin/sh;
			shellScript = "diff \"${PODS_PODFILE_DIR_PATH}/Podfile.lock\" \"${PODS_ROOT}/Manifest.lock\" > /dev/null\nif [ $? != 0 ] ; then\n    # print error to STDERR\n    echo \"error: The sandbox is not in sync with the Podfile.lock. Run 'pod install' or update your CocoaPods installation.\" >&2\n    exit 1\nfi\n# This output is used by Xcode 'outputs' to avoid re-running this script phase.\necho \"SUCCESS\" > \"${SCRIPT_OUTPUT_FILE_0}\"\n";
			showEnvVarsInLog = 0;
		};
		5F964796EAFF5CD6D22BEC57 /* [CP] Embed Pods Frameworks */ = {
			isa = PBXShellScriptBuildPhase;
			buildActionMask = 2147483647;
			files = (
			);
			inputFileListPaths = (
				"${PODS_ROOT}/Target Support Files/Pods-GreenerCo/Pods-GreenerCo-frameworks-${CONFIGURATION}-input-files.xcfilelist",
			);
			name = "[CP] Embed Pods Frameworks";
			outputFileListPaths = (
				"${PODS_ROOT}/Target Support Files/Pods-GreenerCo/Pods-GreenerCo-frameworks-${CONFIGURATION}-output-files.xcfilelist",
			);
			runOnlyForDeploymentPostprocessing = 0;
			shellPath = /bin/sh;
			shellScript = "\"${PODS_ROOT}/Target Support Files/Pods-GreenerCo/Pods-GreenerCo-frameworks.sh\"\n";
			showEnvVarsInLog = 0;
		};
		9D9BCD82C90B5F32D8943F72 /* [CP] Check Pods Manifest.lock */ = {
			isa = PBXShellScriptBuildPhase;
			buildActionMask = 2147483647;
			files = (
			);
			inputFileListPaths = (
			);
			inputPaths = (
				"${PODS_PODFILE_DIR_PATH}/Podfile.lock",
				"${PODS_ROOT}/Manifest.lock",
			);
			name = "[CP] Check Pods Manifest.lock";
			outputFileListPaths = (
			);
			outputPaths = (
				"$(DERIVED_FILE_DIR)/Pods-GreenerCoTests-checkManifestLockResult.txt",
			);
			runOnlyForDeploymentPostprocessing = 0;
			shellPath = /bin/sh;
			shellScript = "diff \"${PODS_PODFILE_DIR_PATH}/Podfile.lock\" \"${PODS_ROOT}/Manifest.lock\" > /dev/null\nif [ $? != 0 ] ; then\n    # print error to STDERR\n    echo \"error: The sandbox is not in sync with the Podfile.lock. Run 'pod install' or update your CocoaPods installation.\" >&2\n    exit 1\nfi\n# This output is used by Xcode 'outputs' to avoid re-running this script phase.\necho \"SUCCESS\" > \"${SCRIPT_OUTPUT_FILE_0}\"\n";
			showEnvVarsInLog = 0;
		};
		F6D81FDE0422041322218C04 /* [CP] Embed Pods Frameworks */ = {
			isa = PBXShellScriptBuildPhase;
			buildActionMask = 2147483647;
			files = (
			);
			inputFileListPaths = (
				"${PODS_ROOT}/Target Support Files/Pods-GreenerCo-GreenerCoUITests/Pods-GreenerCo-GreenerCoUITests-frameworks-${CONFIGURATION}-input-files.xcfilelist",
			);
			name = "[CP] Embed Pods Frameworks";
			outputFileListPaths = (
				"${PODS_ROOT}/Target Support Files/Pods-GreenerCo-GreenerCoUITests/Pods-GreenerCo-GreenerCoUITests-frameworks-${CONFIGURATION}-output-files.xcfilelist",
			);
			runOnlyForDeploymentPostprocessing = 0;
			shellPath = /bin/sh;
			shellScript = "\"${PODS_ROOT}/Target Support Files/Pods-GreenerCo-GreenerCoUITests/Pods-GreenerCo-GreenerCoUITests-frameworks.sh\"\n";
			showEnvVarsInLog = 0;
		};
/* End PBXShellScriptBuildPhase section */

/* Begin PBXSourcesBuildPhase section */
		5C459145254D55C0005AE26C /* Sources */ = {
			isa = PBXSourcesBuildPhase;
			buildActionMask = 2147483647;
			files = (
				5C3046F625C13DAC00BAFEEF /* AddPhotoCell.swift in Sources */,
				5CC2DDCE2590A9D7009E9C73 /* SettingsController.swift in Sources */,
				5C22533525B1638800E73D0A /* BackTopView.swift in Sources */,
				5C40C263256D819900444BCA /* RecyclingLayers.swift in Sources */,
				5C3046DA25C02CA000BAFEEF /* View Extension.swift in Sources */,
				5CFC3A0B2550702900068A69 /* CustomAddCell.swift in Sources */,
				5CB6A23425C4638900EC4B3A /* EmptyMeetingsCell.swift in Sources */,
				5CF84BDF254DCB1200CABEB6 /* AddItemView.swift in Sources */,
				5C3046EE25C13D9800BAFEEF /* TextFieldCell.swift in Sources */,
				5C6C89F025AF41F400D55A16 /* ButtonView.swift in Sources */,
				5CC26A9C25CBF27F000501AD /* ItemView.swift in Sources */,
				5CC2DDD32590D13E009E9C73 /* SettingsCell.swift in Sources */,
				5C3046E525C13B8E00BAFEEF /* RegistrationController.swift in Sources */,
				5C3046FC25C13DC100BAFEEF /* AddGoalCell.swift in Sources */,
				5C454E2A25B57B2000966991 /* OnboardingController.swift in Sources */,
				5C45914D254D55C0005AE26C /* AppDelegate.swift in Sources */,
				5C045BF725BFE25300E42843 /* Dictionary Extension.swift in Sources */,
				5CB6A22F25C40D6200EC4B3A /* ImageView Extension.swift in Sources */,
				5C30472925C2DC5C00BAFEEF /* EnableLocationCell.swift in Sources */,
				5CBB5102257D12160097F4BD /* MeetingViewController.swift in Sources */,
				5CFB623E259B246800F1C8C7 /* AddMapCell.swift in Sources */,
				5C5D03E925B1A71F0011AB9D /* InfoView.swift in Sources */,
				5C22533A25B1690F00E73D0A /* ThreeImagesView.swift in Sources */,
				5C30470125C140E100BAFEEF /* Label Extension.swift in Sources */,
				5C513FD72554845A00C1B851 /* StatsView.swift in Sources */,
				5CFB6246259B415100F1C8C7 /* TopProgressView.swift in Sources */,
				5C30470B25C157C800BAFEEF /* TextField Extension.swift in Sources */,
				5C045BDF25BB0EF100E42843 /* OnboardCell.swift in Sources */,
				5CC26AA125CD193B000501AD /* MainTabBarController.swift in Sources */,
				5C54953E2558251A00E5140C /* AchieveController.swift in Sources */,
				5C045BD625BAE80B00E42843 /* BottomLogInView.swift in Sources */,
				5CFB624B259B92E800F1C8C7 /* HeadersViews.swift in Sources */,
				5C30470625C1447D00BAFEEF /* TextView Extension.swift in Sources */,
				5CB6A22A25C3D4A900EC4B3A /* ViewController Extension.swift in Sources */,
				5CFB622E259A447200F1C8C7 /* AddMeetingController.swift in Sources */,
				5C45917E254D59D3005AE26C /* RecyclingController.swift in Sources */,
				5CE7218525A2047500ECE84F /* ProgressImageView.swift in Sources */,
				5CFC3A0D2550703F00068A69 /* CustomAddView.swift in Sources */,
				5CF2E63E255D944400B4EFE3 /* MeetingsController.swift in Sources */,
				5C45914F254D55C0005AE26C /* SceneDelegate.swift in Sources */,
				5C6C2B022581477B00B653AD /* MessageCell.swift in Sources */,
				5C448744258B8ED000474BFF /* UserProfileController.swift in Sources */,
				5C5495442558253900E5140C /* AchieveCell.swift in Sources */,
				5C0F7E3325AC6B20000C4312 /* AboutUsController.swift in Sources */,
				5CC2DDFD259866C9009E9C73 /* CompletePlusView.swift in Sources */,
				5C54954C255857FB00E5140C /* TopViewCell.swift in Sources */,
				5CFB6255259C8B0900F1C8C7 /* PopUpController.swift in Sources */,
				5C12A73F2554520500A59D8E /* StatsController.swift in Sources */,
				5C1D11C425C6B7F2007C8DBC /* Date Extension.swift in Sources */,
				5C1D01FA255C26610058D276 /* ShowAchieveController.swift in Sources */,
				5CE7217225A07E0700ECE84F /* RegularTopView.swift in Sources */,
				5C83A07A2563AC58005C2CAA /* Main Constants.swift in Sources */,
				5CE7217A25A2002F00ECE84F /* CustomPickerOpenView.swift in Sources */,
				5C045BE825BC77B200E42843 /* Server.swift in Sources */,
				5C82772B2556C02E00816D85 /* StatsCell.swift in Sources */,
				5C30472425C2A51E00BAFEEF /* SetResultView.swift in Sources */,
				5CFB6239259A4DB100F1C8C7 /* AddOtherCell.swift in Sources */,
				5C1D11C925C7259B007C8DBC /* ServerMaterials.swift in Sources */,
				5C2E36B525D40CC500F92588 /* LogInController.swift in Sources */,
				5C1C5E0425A6064C000DC5EC /* BarView.swift in Sources */,
				5CFA1A3B25C99BD200587EC5 /* Defaults.swift in Sources */,
				5C44873F258A5AF200474BFF /* CategoryNameCell.swift in Sources */,
				5CF2E64A255D946600B4EFE3 /* MeetingCell.swift in Sources */,
			);
			runOnlyForDeploymentPostprocessing = 0;
		};
		5C45915B254D55C2005AE26C /* Sources */ = {
			isa = PBXSourcesBuildPhase;
			buildActionMask = 2147483647;
			files = (
				5C459164254D55C2005AE26C /* GreenerCoTests.swift in Sources */,
			);
			runOnlyForDeploymentPostprocessing = 0;
		};
		5C459166254D55C2005AE26C /* Sources */ = {
			isa = PBXSourcesBuildPhase;
			buildActionMask = 2147483647;
			files = (
				5C45916F254D55C2005AE26C /* GreenerCoUITests.swift in Sources */,
			);
			runOnlyForDeploymentPostprocessing = 0;
		};
/* End PBXSourcesBuildPhase section */

/* Begin PBXTargetDependency section */
		5C459161254D55C2005AE26C /* PBXTargetDependency */ = {
			isa = PBXTargetDependency;
			target = 5C459148254D55C0005AE26C /* GreenerCo */;
			targetProxy = 5C459160254D55C2005AE26C /* PBXContainerItemProxy */;
		};
		5C45916C254D55C2005AE26C /* PBXTargetDependency */ = {
			isa = PBXTargetDependency;
			target = 5C459148254D55C0005AE26C /* GreenerCo */;
			targetProxy = 5C45916B254D55C2005AE26C /* PBXContainerItemProxy */;
		};
/* End PBXTargetDependency section */

/* Begin PBXVariantGroup section */
		5C459152254D55C0005AE26C /* Main.storyboard */ = {
			isa = PBXVariantGroup;
			children = (
				5C459153254D55C0005AE26C /* Base */,
			);
			name = Main.storyboard;
			sourceTree = "<group>";
		};
		5C459157254D55C1005AE26C /* LaunchScreen.storyboard */ = {
			isa = PBXVariantGroup;
			children = (
				5C459158254D55C1005AE26C /* Base */,
			);
			name = LaunchScreen.storyboard;
			sourceTree = "<group>";
		};
/* End PBXVariantGroup section */

/* Begin XCBuildConfiguration section */
		5C459171254D55C2005AE26C /* Debug */ = {
			isa = XCBuildConfiguration;
			buildSettings = {
				ALWAYS_SEARCH_USER_PATHS = NO;
				CLANG_ANALYZER_NONNULL = YES;
				CLANG_ANALYZER_NUMBER_OBJECT_CONVERSION = YES_AGGRESSIVE;
				CLANG_CXX_LANGUAGE_STANDARD = "gnu++14";
				CLANG_CXX_LIBRARY = "libc++";
				CLANG_ENABLE_MODULES = YES;
				CLANG_ENABLE_OBJC_ARC = YES;
				CLANG_ENABLE_OBJC_WEAK = YES;
				CLANG_WARN_BLOCK_CAPTURE_AUTORELEASING = YES;
				CLANG_WARN_BOOL_CONVERSION = YES;
				CLANG_WARN_COMMA = YES;
				CLANG_WARN_CONSTANT_CONVERSION = YES;
				CLANG_WARN_DEPRECATED_OBJC_IMPLEMENTATIONS = YES;
				CLANG_WARN_DIRECT_OBJC_ISA_USAGE = YES_ERROR;
				CLANG_WARN_DOCUMENTATION_COMMENTS = YES;
				CLANG_WARN_EMPTY_BODY = YES;
				CLANG_WARN_ENUM_CONVERSION = YES;
				CLANG_WARN_INFINITE_RECURSION = YES;
				CLANG_WARN_INT_CONVERSION = YES;
				CLANG_WARN_NON_LITERAL_NULL_CONVERSION = YES;
				CLANG_WARN_OBJC_IMPLICIT_RETAIN_SELF = YES;
				CLANG_WARN_OBJC_LITERAL_CONVERSION = YES;
				CLANG_WARN_OBJC_ROOT_CLASS = YES_ERROR;
				CLANG_WARN_QUOTED_INCLUDE_IN_FRAMEWORK_HEADER = YES;
				CLANG_WARN_RANGE_LOOP_ANALYSIS = YES;
				CLANG_WARN_STRICT_PROTOTYPES = YES;
				CLANG_WARN_SUSPICIOUS_MOVE = YES;
				CLANG_WARN_UNGUARDED_AVAILABILITY = YES_AGGRESSIVE;
				CLANG_WARN_UNREACHABLE_CODE = YES;
				CLANG_WARN__DUPLICATE_METHOD_MATCH = YES;
				COPY_PHASE_STRIP = NO;
				DEBUG_INFORMATION_FORMAT = dwarf;
				ENABLE_STRICT_OBJC_MSGSEND = YES;
				ENABLE_TESTABILITY = YES;
				GCC_C_LANGUAGE_STANDARD = gnu11;
				GCC_DYNAMIC_NO_PIC = NO;
				GCC_NO_COMMON_BLOCKS = YES;
				GCC_OPTIMIZATION_LEVEL = 0;
				GCC_PREPROCESSOR_DEFINITIONS = (
					"DEBUG=1",
					"$(inherited)",
				);
				GCC_WARN_64_TO_32_BIT_CONVERSION = YES;
				GCC_WARN_ABOUT_RETURN_TYPE = YES_ERROR;
				GCC_WARN_UNDECLARED_SELECTOR = YES;
				GCC_WARN_UNINITIALIZED_AUTOS = YES_AGGRESSIVE;
				GCC_WARN_UNUSED_FUNCTION = YES;
				GCC_WARN_UNUSED_VARIABLE = YES;
				IPHONEOS_DEPLOYMENT_TARGET = 14.0;
				MTL_ENABLE_DEBUG_INFO = INCLUDE_SOURCE;
				MTL_FAST_MATH = YES;
				ONLY_ACTIVE_ARCH = YES;
				SDKROOT = iphoneos;
				SWIFT_ACTIVE_COMPILATION_CONDITIONS = DEBUG;
				SWIFT_OPTIMIZATION_LEVEL = "-Onone";
			};
			name = Debug;
		};
		5C459172254D55C2005AE26C /* Release */ = {
			isa = XCBuildConfiguration;
			buildSettings = {
				ALWAYS_SEARCH_USER_PATHS = NO;
				CLANG_ANALYZER_NONNULL = YES;
				CLANG_ANALYZER_NUMBER_OBJECT_CONVERSION = YES_AGGRESSIVE;
				CLANG_CXX_LANGUAGE_STANDARD = "gnu++14";
				CLANG_CXX_LIBRARY = "libc++";
				CLANG_ENABLE_MODULES = YES;
				CLANG_ENABLE_OBJC_ARC = YES;
				CLANG_ENABLE_OBJC_WEAK = YES;
				CLANG_WARN_BLOCK_CAPTURE_AUTORELEASING = YES;
				CLANG_WARN_BOOL_CONVERSION = YES;
				CLANG_WARN_COMMA = YES;
				CLANG_WARN_CONSTANT_CONVERSION = YES;
				CLANG_WARN_DEPRECATED_OBJC_IMPLEMENTATIONS = YES;
				CLANG_WARN_DIRECT_OBJC_ISA_USAGE = YES_ERROR;
				CLANG_WARN_DOCUMENTATION_COMMENTS = YES;
				CLANG_WARN_EMPTY_BODY = YES;
				CLANG_WARN_ENUM_CONVERSION = YES;
				CLANG_WARN_INFINITE_RECURSION = YES;
				CLANG_WARN_INT_CONVERSION = YES;
				CLANG_WARN_NON_LITERAL_NULL_CONVERSION = YES;
				CLANG_WARN_OBJC_IMPLICIT_RETAIN_SELF = YES;
				CLANG_WARN_OBJC_LITERAL_CONVERSION = YES;
				CLANG_WARN_OBJC_ROOT_CLASS = YES_ERROR;
				CLANG_WARN_QUOTED_INCLUDE_IN_FRAMEWORK_HEADER = YES;
				CLANG_WARN_RANGE_LOOP_ANALYSIS = YES;
				CLANG_WARN_STRICT_PROTOTYPES = YES;
				CLANG_WARN_SUSPICIOUS_MOVE = YES;
				CLANG_WARN_UNGUARDED_AVAILABILITY = YES_AGGRESSIVE;
				CLANG_WARN_UNREACHABLE_CODE = YES;
				CLANG_WARN__DUPLICATE_METHOD_MATCH = YES;
				COPY_PHASE_STRIP = NO;
				DEBUG_INFORMATION_FORMAT = "dwarf-with-dsym";
				ENABLE_NS_ASSERTIONS = NO;
				ENABLE_STRICT_OBJC_MSGSEND = YES;
				GCC_C_LANGUAGE_STANDARD = gnu11;
				GCC_NO_COMMON_BLOCKS = YES;
				GCC_WARN_64_TO_32_BIT_CONVERSION = YES;
				GCC_WARN_ABOUT_RETURN_TYPE = YES_ERROR;
				GCC_WARN_UNDECLARED_SELECTOR = YES;
				GCC_WARN_UNINITIALIZED_AUTOS = YES_AGGRESSIVE;
				GCC_WARN_UNUSED_FUNCTION = YES;
				GCC_WARN_UNUSED_VARIABLE = YES;
				IPHONEOS_DEPLOYMENT_TARGET = 14.0;
				MTL_ENABLE_DEBUG_INFO = NO;
				MTL_FAST_MATH = YES;
				SDKROOT = iphoneos;
				SWIFT_COMPILATION_MODE = wholemodule;
				SWIFT_OPTIMIZATION_LEVEL = "-O";
				VALIDATE_PRODUCT = YES;
			};
			name = Release;
		};
		5C459174254D55C2005AE26C /* Debug */ = {
			isa = XCBuildConfiguration;
			baseConfigurationReference = 5EA81E754BBF18068B0403A7 /* Pods-GreenerCo.debug.xcconfig */;
			buildSettings = {
				ASSETCATALOG_COMPILER_APPICON_NAME = AppIcon;
				ASSETCATALOG_COMPILER_GLOBAL_ACCENT_COLOR_NAME = AccentColor;
				CODE_SIGN_ENTITLEMENTS = GreenerCo/GreenerCo.entitlements;
				CODE_SIGN_STYLE = Automatic;
				CURRENT_PROJECT_VERSION = 2;
				DEVELOPMENT_TEAM = 7T88SYY74G;
				INFOPLIST_FILE = GreenerCo/Info.plist;
				IPHONEOS_DEPLOYMENT_TARGET = 13.1;
				LD_RUNPATH_SEARCH_PATHS = (
					"$(inherited)",
					"@executable_path/Frameworks",
				);
				PRODUCT_BUNDLE_IDENTIFIER = Greener.GreenerCo;
				PRODUCT_NAME = "$(TARGET_NAME)";
				SWIFT_VERSION = 5.0;
				TARGETED_DEVICE_FAMILY = "1,2";
			};
			name = Debug;
		};
		5C459175254D55C2005AE26C /* Release */ = {
			isa = XCBuildConfiguration;
			baseConfigurationReference = 369613D9E8EBE94D8A384C3D /* Pods-GreenerCo.release.xcconfig */;
			buildSettings = {
				ASSETCATALOG_COMPILER_APPICON_NAME = AppIcon;
				ASSETCATALOG_COMPILER_GLOBAL_ACCENT_COLOR_NAME = AccentColor;
				CODE_SIGN_ENTITLEMENTS = GreenerCo/GreenerCo.entitlements;
				CODE_SIGN_STYLE = Automatic;
				CURRENT_PROJECT_VERSION = 2;
				DEVELOPMENT_TEAM = 7T88SYY74G;
				INFOPLIST_FILE = GreenerCo/Info.plist;
				IPHONEOS_DEPLOYMENT_TARGET = 13.1;
				LD_RUNPATH_SEARCH_PATHS = (
					"$(inherited)",
					"@executable_path/Frameworks",
				);
				PRODUCT_BUNDLE_IDENTIFIER = Greener.GreenerCo;
				PRODUCT_NAME = "$(TARGET_NAME)";
				SWIFT_VERSION = 5.0;
				TARGETED_DEVICE_FAMILY = "1,2";
			};
			name = Release;
		};
		5C459177254D55C2005AE26C /* Debug */ = {
			isa = XCBuildConfiguration;
			baseConfigurationReference = E39102D817F7972B7D70511E /* Pods-GreenerCoTests.debug.xcconfig */;
			buildSettings = {
				ALWAYS_EMBED_SWIFT_STANDARD_LIBRARIES = YES;
				BUNDLE_LOADER = "$(TEST_HOST)";
				CODE_SIGN_STYLE = Automatic;
				DEVELOPMENT_TEAM = Z962Q7H43F;
				INFOPLIST_FILE = GreenerCoTests/Info.plist;
				IPHONEOS_DEPLOYMENT_TARGET = 14.0;
				LD_RUNPATH_SEARCH_PATHS = (
					"$(inherited)",
					"@executable_path/Frameworks",
					"@loader_path/Frameworks",
				);
				PRODUCT_BUNDLE_IDENTIFIER = Greener.GreenerCoTests;
				PRODUCT_NAME = "$(TARGET_NAME)";
				SWIFT_VERSION = 5.0;
				TARGETED_DEVICE_FAMILY = "1,2";
				TEST_HOST = "$(BUILT_PRODUCTS_DIR)/GreenerCo.app/GreenerCo";
			};
			name = Debug;
		};
		5C459178254D55C2005AE26C /* Release */ = {
			isa = XCBuildConfiguration;
			baseConfigurationReference = 36440B5B66055C3B1C989B6F /* Pods-GreenerCoTests.release.xcconfig */;
			buildSettings = {
				ALWAYS_EMBED_SWIFT_STANDARD_LIBRARIES = YES;
				BUNDLE_LOADER = "$(TEST_HOST)";
				CODE_SIGN_STYLE = Automatic;
				DEVELOPMENT_TEAM = Z962Q7H43F;
				INFOPLIST_FILE = GreenerCoTests/Info.plist;
				IPHONEOS_DEPLOYMENT_TARGET = 14.0;
				LD_RUNPATH_SEARCH_PATHS = (
					"$(inherited)",
					"@executable_path/Frameworks",
					"@loader_path/Frameworks",
				);
				PRODUCT_BUNDLE_IDENTIFIER = Greener.GreenerCoTests;
				PRODUCT_NAME = "$(TARGET_NAME)";
				SWIFT_VERSION = 5.0;
				TARGETED_DEVICE_FAMILY = "1,2";
				TEST_HOST = "$(BUILT_PRODUCTS_DIR)/GreenerCo.app/GreenerCo";
			};
			name = Release;
		};
		5C45917A254D55C2005AE26C /* Debug */ = {
			isa = XCBuildConfiguration;
			baseConfigurationReference = 8C45DF21015CA2802C08D49C /* Pods-GreenerCo-GreenerCoUITests.debug.xcconfig */;
			buildSettings = {
				ALWAYS_EMBED_SWIFT_STANDARD_LIBRARIES = YES;
				CODE_SIGN_STYLE = Automatic;
				DEVELOPMENT_TEAM = Z962Q7H43F;
				INFOPLIST_FILE = GreenerCoUITests/Info.plist;
				LD_RUNPATH_SEARCH_PATHS = (
					"$(inherited)",
					"@executable_path/Frameworks",
					"@loader_path/Frameworks",
				);
				PRODUCT_BUNDLE_IDENTIFIER = Greener.GreenerCoUITests;
				PRODUCT_NAME = "$(TARGET_NAME)";
				SWIFT_VERSION = 5.0;
				TARGETED_DEVICE_FAMILY = "1,2";
				TEST_TARGET_NAME = GreenerCo;
			};
			name = Debug;
		};
		5C45917B254D55C2005AE26C /* Release */ = {
			isa = XCBuildConfiguration;
			baseConfigurationReference = 20BE5A996083BF5184D1B21E /* Pods-GreenerCo-GreenerCoUITests.release.xcconfig */;
			buildSettings = {
				ALWAYS_EMBED_SWIFT_STANDARD_LIBRARIES = YES;
				CODE_SIGN_STYLE = Automatic;
				DEVELOPMENT_TEAM = Z962Q7H43F;
				INFOPLIST_FILE = GreenerCoUITests/Info.plist;
				LD_RUNPATH_SEARCH_PATHS = (
					"$(inherited)",
					"@executable_path/Frameworks",
					"@loader_path/Frameworks",
				);
				PRODUCT_BUNDLE_IDENTIFIER = Greener.GreenerCoUITests;
				PRODUCT_NAME = "$(TARGET_NAME)";
				SWIFT_VERSION = 5.0;
				TARGETED_DEVICE_FAMILY = "1,2";
				TEST_TARGET_NAME = GreenerCo;
			};
			name = Release;
		};
/* End XCBuildConfiguration section */

/* Begin XCConfigurationList section */
		5C459144254D55C0005AE26C /* Build configuration list for PBXProject "GreenerCo" */ = {
			isa = XCConfigurationList;
			buildConfigurations = (
				5C459171254D55C2005AE26C /* Debug */,
				5C459172254D55C2005AE26C /* Release */,
			);
			defaultConfigurationIsVisible = 0;
			defaultConfigurationName = Release;
		};
		5C459173254D55C2005AE26C /* Build configuration list for PBXNativeTarget "GreenerCo" */ = {
			isa = XCConfigurationList;
			buildConfigurations = (
				5C459174254D55C2005AE26C /* Debug */,
				5C459175254D55C2005AE26C /* Release */,
			);
			defaultConfigurationIsVisible = 0;
			defaultConfigurationName = Release;
		};
		5C459176254D55C2005AE26C /* Build configuration list for PBXNativeTarget "GreenerCoTests" */ = {
			isa = XCConfigurationList;
			buildConfigurations = (
				5C459177254D55C2005AE26C /* Debug */,
				5C459178254D55C2005AE26C /* Release */,
			);
			defaultConfigurationIsVisible = 0;
			defaultConfigurationName = Release;
		};
		5C459179254D55C2005AE26C /* Build configuration list for PBXNativeTarget "GreenerCoUITests" */ = {
			isa = XCConfigurationList;
			buildConfigurations = (
				5C45917A254D55C2005AE26C /* Debug */,
				5C45917B254D55C2005AE26C /* Release */,
			);
			defaultConfigurationIsVisible = 0;
			defaultConfigurationName = Release;
		};
/* End XCConfigurationList section */
	};
	rootObject = 5C459141254D55C0005AE26C /* Project object */;
}
