{
  "object": {
    "pins": [
      {
        "package": "Facebook",
        "repositoryURL": "https://github.com/facebook/facebook-ios-sdk",
        "state": {
          "branch": null,
          "revision": "8c6eeab820a3c6a3a638dd48c67270ad559410b4",
          "version": "11.0.1"
        }
      },
      {
        "package": "YandexMobileMetrica",
        "repositoryURL": "https://github.com/yandexmobile/metrica-sdk-ios",
        "state": {
          "branch": null,
          "revision": "56a79b9224ead8f186834bcebe4a8a83a50ee024",
          "version": "3.17.0"
        }
      }
    ]
  },
  "version": 1
}
